// !$*UTF8*$!
{
	archiveVersion = 1;
	classes = {
	};
	objectVersion = 56;
	objects = {

/* Begin PBXBuildFile section */
		590675C02A188CBE00ED84F4 /* QualityCompressViewModel.swift in Sources */ = {isa = PBXBuildFile; fileRef = 590675BF2A188CBE00ED84F4 /* QualityCompressViewModel.swift */; };
		591C9A4D2A0A94E000420B24 /* SwiftUISegmentedViewApp.swift in Sources */ = {isa = PBXBuildFile; fileRef = 591C9A4C2A0A94E000420B24 /* SwiftUISegmentedViewApp.swift */; };
		591C9A4F2A0A94E000420B24 /* ContentView.swift in Sources */ = {isa = PBXBuildFile; fileRef = 591C9A4E2A0A94E000420B24 /* ContentView.swift */; };
		591C9A512A0A94E100420B24 /* Assets.xcassets in Resources */ = {isa = PBXBuildFile; fileRef = 591C9A502A0A94E100420B24 /* Assets.xcassets */; };
		591C9A542A0A94E100420B24 /* Preview Assets.xcassets in Resources */ = {isa = PBXBuildFile; fileRef = 591C9A532A0A94E100420B24 /* Preview Assets.xcassets */; };
		591C9A5D2A0A9D7700420B24 /* NavbarWithBackButton.swift in Sources */ = {isa = PBXBuildFile; fileRef = 591C9A5C2A0A9D7700420B24 /* NavbarWithBackButton.swift */; };
		5923A36A2A166D8900023734 /* TrimVideoButtonView.swift in Sources */ = {isa = PBXBuildFile; fileRef = 5923A3692A166D8900023734 /* TrimVideoButtonView.swift */; };
		5923A36C2A16709D00023734 /* AdjustVolumeButtonView.swift in Sources */ = {isa = PBXBuildFile; fileRef = 5923A36B2A16709D00023734 /* AdjustVolumeButtonView.swift */; };
		5923A36E2A1675CD00023734 /* ResolutionCompressionOptionView.swift in Sources */ = {isa = PBXBuildFile; fileRef = 5923A36D2A1675CD00023734 /* ResolutionCompressionOptionView.swift */; };
		5923A3712A16765E00023734 /* ConstantValues.swift in Sources */ = {isa = PBXBuildFile; fileRef = 5923A3702A16765E00023734 /* ConstantValues.swift */; };
		5923A3732A1676F300023734 /* ResolutionOptionRepo.swift in Sources */ = {isa = PBXBuildFile; fileRef = 5923A3722A1676F300023734 /* ResolutionOptionRepo.swift */; };
		59541ED52A18B5E8006439FB /* QualityCompressOptionView.swift in Sources */ = {isa = PBXBuildFile; fileRef = 59541ED42A18B5E8006439FB /* QualityCompressOptionView.swift */; };
		59541ED72A18D2B5006439FB /* VideoCompressionModel.swift in Sources */ = {isa = PBXBuildFile; fileRef = 59541ED62A18D2B5006439FB /* VideoCompressionModel.swift */; };
		59541ED92A18D31D006439FB /* QuickCompressionOptionRepo.swift in Sources */ = {isa = PBXBuildFile; fileRef = 59541ED82A18D31D006439FB /* QuickCompressionOptionRepo.swift */; };
		59544CC42A129D37007CCFA3 /* HomeScreenViewModel.swift in Sources */ = {isa = PBXBuildFile; fileRef = 59544CC32A129D37007CCFA3 /* HomeScreenViewModel.swift */; };
		59975A3D2A1513CE0090F0A6 /* CompressionPropertyView.swift in Sources */ = {isa = PBXBuildFile; fileRef = 59975A3C2A1513CE0090F0A6 /* CompressionPropertyView.swift */; };
		59975A3F2A151D1D0090F0A6 /* QuickCompressionOptionView.swift in Sources */ = {isa = PBXBuildFile; fileRef = 59975A3E2A151D1D0090F0A6 /* QuickCompressionOptionView.swift */; };
		59975A412A151EEB0090F0A6 /* Styles.swift in Sources */ = {isa = PBXBuildFile; fileRef = 59975A402A151EEB0090F0A6 /* Styles.swift */; };
		59975A432A1527CC0090F0A6 /* FitToShareWithView.swift in Sources */ = {isa = PBXBuildFile; fileRef = 59975A422A1527CC0090F0A6 /* FitToShareWithView.swift */; };
		59975A462A152A9A0090F0A6 /* Others.swift in Sources */ = {isa = PBXBuildFile; fileRef = 59975A452A152A9A0090F0A6 /* Others.swift */; };
		59975A492A152B200090F0A6 /* SocialMediaOptionRepo.swift in Sources */ = {isa = PBXBuildFile; fileRef = 59975A482A152B200090F0A6 /* SocialMediaOptionRepo.swift */; };
		59AC77722A127EAE00D612A5 /* HomeScreenComponents.swift in Sources */ = {isa = PBXBuildFile; fileRef = 59AC77712A127EAE00D612A5 /* HomeScreenComponents.swift */; };
		59DCA8F22A17CFB200160A28 /* VideoPickerScreen.swift in Sources */ = {isa = PBXBuildFile; fileRef = 59DCA8F12A17CFB200160A28 /* VideoPickerScreen.swift */; };
		59E74B1F2A0BF1430015538F /* HomeScreen.swift in Sources */ = {isa = PBXBuildFile; fileRef = 59E74B1E2A0BF1430015538F /* HomeScreen.swift */; };
		59F024AB2A13CBE100855848 /* VideoLibraryService.swift in Sources */ = {isa = PBXBuildFile; fileRef = 59F024AA2A13CBE100855848 /* VideoLibraryService.swift */; };
		59F78A4A2A0D443E00EBC0F1 /* Extensions.swift in Sources */ = {isa = PBXBuildFile; fileRef = 59F78A492A0D443E00EBC0F1 /* Extensions.swift */; };
		59F78A4C2A0D45C800EBC0F1 /* AppColors.swift in Sources */ = {isa = PBXBuildFile; fileRef = 59F78A4B2A0D45C800EBC0F1 /* AppColors.swift */; };
		59F78A4F2A0D4F3B00EBC0F1 /* FastCompressionView.swift in Sources */ = {isa = PBXBuildFile; fileRef = 59F78A4E2A0D4F3B00EBC0F1 /* FastCompressionView.swift */; };
		59F78A542A0D4F9D00EBC0F1 /* QuickCompressionView.swift in Sources */ = {isa = PBXBuildFile; fileRef = 59F78A532A0D4F9D00EBC0F1 /* QuickCompressionView.swift */; };
		59F78A562A0D4FAA00EBC0F1 /* QualityCompressionView.swift in Sources */ = {isa = PBXBuildFile; fileRef = 59F78A552A0D4FAA00EBC0F1 /* QualityCompressionView.swift */; };
		59F78A582A0D4FB500EBC0F1 /* ResolutionCompressionView.swift in Sources */ = {isa = PBXBuildFile; fileRef = 59F78A572A0D4FB500EBC0F1 /* ResolutionCompressionView.swift */; };
		59F78A5A2A0D54B000EBC0F1 /* Constants.swift in Sources */ = {isa = PBXBuildFile; fileRef = 59F78A592A0D54B000EBC0F1 /* Constants.swift */; };
		59F78A5D2A0D584300EBC0F1 /* HomeScreenNavbar.swift in Sources */ = {isa = PBXBuildFile; fileRef = 59F78A5C2A0D584300EBC0F1 /* HomeScreenNavbar.swift */; };
/* End PBXBuildFile section */

/* Begin PBXFileReference section */
		590675BF2A188CBE00ED84F4 /* QualityCompressViewModel.swift */ = {isa = PBXFileReference; lastKnownFileType = sourcecode.swift; path = QualityCompressViewModel.swift; sourceTree = "<group>"; };
		591C9A492A0A94E000420B24 /* SwiftUISegmentedView.app */ = {isa = PBXFileReference; explicitFileType = wrapper.application; includeInIndex = 0; path = SwiftUISegmentedView.app; sourceTree = BUILT_PRODUCTS_DIR; };
		591C9A4C2A0A94E000420B24 /* SwiftUISegmentedViewApp.swift */ = {isa = PBXFileReference; lastKnownFileType = sourcecode.swift; path = SwiftUISegmentedViewApp.swift; sourceTree = "<group>"; };
		591C9A4E2A0A94E000420B24 /* ContentView.swift */ = {isa = PBXFileReference; lastKnownFileType = sourcecode.swift; path = ContentView.swift; sourceTree = "<group>"; };
		591C9A502A0A94E100420B24 /* Assets.xcassets */ = {isa = PBXFileReference; lastKnownFileType = folder.assetcatalog; path = Assets.xcassets; sourceTree = "<group>"; };
		591C9A532A0A94E100420B24 /* Preview Assets.xcassets */ = {isa = PBXFileReference; lastKnownFileType = folder.assetcatalog; path = "Preview Assets.xcassets"; sourceTree = "<group>"; };
		591C9A5C2A0A9D7700420B24 /* NavbarWithBackButton.swift */ = {isa = PBXFileReference; lastKnownFileType = sourcecode.swift; path = NavbarWithBackButton.swift; sourceTree = "<group>"; };
		5923A3692A166D8900023734 /* TrimVideoButtonView.swift */ = {isa = PBXFileReference; lastKnownFileType = sourcecode.swift; path = TrimVideoButtonView.swift; sourceTree = "<group>"; };
		5923A36B2A16709D00023734 /* AdjustVolumeButtonView.swift */ = {isa = PBXFileReference; lastKnownFileType = sourcecode.swift; path = AdjustVolumeButtonView.swift; sourceTree = "<group>"; };
		5923A36D2A1675CD00023734 /* ResolutionCompressionOptionView.swift */ = {isa = PBXFileReference; lastKnownFileType = sourcecode.swift; path = ResolutionCompressionOptionView.swift; sourceTree = "<group>"; };
		5923A3702A16765E00023734 /* ConstantValues.swift */ = {isa = PBXFileReference; lastKnownFileType = sourcecode.swift; path = ConstantValues.swift; sourceTree = "<group>"; };
		5923A3722A1676F300023734 /* ResolutionOptionRepo.swift */ = {isa = PBXFileReference; lastKnownFileType = sourcecode.swift; path = ResolutionOptionRepo.swift; sourceTree = "<group>"; };
		5923A3742A16849F00023734 /* Info.plist */ = {isa = PBXFileReference; lastKnownFileType = text.plist; path = Info.plist; sourceTree = "<group>"; };
		59541ED42A18B5E8006439FB /* QualityCompressOptionView.swift */ = {isa = PBXFileReference; lastKnownFileType = sourcecode.swift; path = QualityCompressOptionView.swift; sourceTree = "<group>"; };
		59541ED62A18D2B5006439FB /* VideoCompressionModel.swift */ = {isa = PBXFileReference; lastKnownFileType = sourcecode.swift; path = VideoCompressionModel.swift; sourceTree = "<group>"; };
		59541ED82A18D31D006439FB /* QuickCompressionOptionRepo.swift */ = {isa = PBXFileReference; lastKnownFileType = sourcecode.swift; path = QuickCompressionOptionRepo.swift; sourceTree = "<group>"; };
		59544CC32A129D37007CCFA3 /* HomeScreenViewModel.swift */ = {isa = PBXFileReference; lastKnownFileType = sourcecode.swift; path = HomeScreenViewModel.swift; sourceTree = "<group>"; };
		59975A3C2A1513CE0090F0A6 /* CompressionPropertyView.swift */ = {isa = PBXFileReference; lastKnownFileType = sourcecode.swift; path = CompressionPropertyView.swift; sourceTree = "<group>"; };
		59975A3E2A151D1D0090F0A6 /* QuickCompressionOptionView.swift */ = {isa = PBXFileReference; lastKnownFileType = sourcecode.swift; path = QuickCompressionOptionView.swift; sourceTree = "<group>"; };
		59975A402A151EEB0090F0A6 /* Styles.swift */ = {isa = PBXFileReference; lastKnownFileType = sourcecode.swift; path = Styles.swift; sourceTree = "<group>"; };
		59975A422A1527CC0090F0A6 /* FitToShareWithView.swift */ = {isa = PBXFileReference; lastKnownFileType = sourcecode.swift; path = FitToShareWithView.swift; sourceTree = "<group>"; };
		59975A452A152A9A0090F0A6 /* Others.swift */ = {isa = PBXFileReference; lastKnownFileType = sourcecode.swift; path = Others.swift; sourceTree = "<group>"; };
		59975A482A152B200090F0A6 /* SocialMediaOptionRepo.swift */ = {isa = PBXFileReference; lastKnownFileType = sourcecode.swift; path = SocialMediaOptionRepo.swift; sourceTree = "<group>"; };
		59AC77712A127EAE00D612A5 /* HomeScreenComponents.swift */ = {isa = PBXFileReference; lastKnownFileType = sourcecode.swift; path = HomeScreenComponents.swift; sourceTree = "<group>"; };
		59DCA8F12A17CFB200160A28 /* VideoPickerScreen.swift */ = {isa = PBXFileReference; lastKnownFileType = sourcecode.swift; path = VideoPickerScreen.swift; sourceTree = "<group>"; };
		59E74B1E2A0BF1430015538F /* HomeScreen.swift */ = {isa = PBXFileReference; lastKnownFileType = sourcecode.swift; path = HomeScreen.swift; sourceTree = "<group>"; };
		59F024AA2A13CBE100855848 /* VideoLibraryService.swift */ = {isa = PBXFileReference; lastKnownFileType = sourcecode.swift; path = VideoLibraryService.swift; sourceTree = "<group>"; };
		59F78A492A0D443E00EBC0F1 /* Extensions.swift */ = {isa = PBXFileReference; lastKnownFileType = sourcecode.swift; path = Extensions.swift; sourceTree = "<group>"; };
		59F78A4B2A0D45C800EBC0F1 /* AppColors.swift */ = {isa = PBXFileReference; lastKnownFileType = sourcecode.swift; path = AppColors.swift; sourceTree = "<group>"; };
		59F78A4E2A0D4F3B00EBC0F1 /* FastCompressionView.swift */ = {isa = PBXFileReference; lastKnownFileType = sourcecode.swift; path = FastCompressionView.swift; sourceTree = "<group>"; };
		59F78A532A0D4F9D00EBC0F1 /* QuickCompressionView.swift */ = {isa = PBXFileReference; lastKnownFileType = sourcecode.swift; path = QuickCompressionView.swift; sourceTree = "<group>"; };
		59F78A552A0D4FAA00EBC0F1 /* QualityCompressionView.swift */ = {isa = PBXFileReference; lastKnownFileType = sourcecode.swift; path = QualityCompressionView.swift; sourceTree = "<group>"; };
		59F78A572A0D4FB500EBC0F1 /* ResolutionCompressionView.swift */ = {isa = PBXFileReference; lastKnownFileType = sourcecode.swift; path = ResolutionCompressionView.swift; sourceTree = "<group>"; };
		59F78A592A0D54B000EBC0F1 /* Constants.swift */ = {isa = PBXFileReference; lastKnownFileType = sourcecode.swift; path = Constants.swift; sourceTree = "<group>"; };
		59F78A5C2A0D584300EBC0F1 /* HomeScreenNavbar.swift */ = {isa = PBXFileReference; lastKnownFileType = sourcecode.swift; path = HomeScreenNavbar.swift; sourceTree = "<group>"; };
/* End PBXFileReference section */

/* Begin PBXFrameworksBuildPhase section */
		591C9A462A0A94E000420B24 /* Frameworks */ = {
			isa = PBXFrameworksBuildPhase;
			buildActionMask = 2147483647;
			files = (
			);
			runOnlyForDeploymentPostprocessing = 0;
		};
/* End PBXFrameworksBuildPhase section */

/* Begin PBXGroup section */
		591C9A402A0A94E000420B24 = {
			isa = PBXGroup;
			children = (
				591C9A4B2A0A94E000420B24 /* SwiftUISegmentedView */,
				591C9A4A2A0A94E000420B24 /* Products */,
			);
			sourceTree = "<group>";
		};
		591C9A4A2A0A94E000420B24 /* Products */ = {
			isa = PBXGroup;
			children = (
				591C9A492A0A94E000420B24 /* SwiftUISegmentedView.app */,
			);
			name = Products;
			sourceTree = "<group>";
		};
		591C9A4B2A0A94E000420B24 /* SwiftUISegmentedView */ = {
			isa = PBXGroup;
			children = (
				5923A3742A16849F00023734 /* Info.plist */,
				5923A36F2A16764900023734 /* constants */,
				59975A442A152A870090F0A6 /* model */,
				59F024A92A13CBD100855848 /* services */,
				59E74B1C2A0BF12D0015538F /* ui */,
				591C9A4C2A0A94E000420B24 /* SwiftUISegmentedViewApp.swift */,
				591C9A4E2A0A94E000420B24 /* ContentView.swift */,
				591C9A502A0A94E100420B24 /* Assets.xcassets */,
				591C9A522A0A94E100420B24 /* Preview Content */,
			);
			path = SwiftUISegmentedView;
			sourceTree = "<group>";
		};
		591C9A522A0A94E100420B24 /* Preview Content */ = {
			isa = PBXGroup;
			children = (
				591C9A532A0A94E100420B24 /* Preview Assets.xcassets */,
			);
			path = "Preview Content";
			sourceTree = "<group>";
		};
		5923A36F2A16764900023734 /* constants */ = {
			isa = PBXGroup;
			children = (
				5923A3702A16765E00023734 /* ConstantValues.swift */,
			);
			path = constants;
			sourceTree = "<group>";
		};
		59544CC22A129D26007CCFA3 /* home */ = {
			isa = PBXGroup;
			children = (
				59E74B1E2A0BF1430015538F /* HomeScreen.swift */,
				59544CC32A129D37007CCFA3 /* HomeScreenViewModel.swift */,
			);
			path = home;
			sourceTree = "<group>";
		};
		59975A392A15134A0090F0A6 /* fastCompressionViewComponent */ = {
			isa = PBXGroup;
			children = (
				59975A3C2A1513CE0090F0A6 /* CompressionPropertyView.swift */,
				59975A3E2A151D1D0090F0A6 /* QuickCompressionOptionView.swift */,
				59975A422A1527CC0090F0A6 /* FitToShareWithView.swift */,
				5923A3692A166D8900023734 /* TrimVideoButtonView.swift */,
				5923A36B2A16709D00023734 /* AdjustVolumeButtonView.swift */,
				5923A36D2A1675CD00023734 /* ResolutionCompressionOptionView.swift */,
				59541ED42A18B5E8006439FB /* QualityCompressOptionView.swift */,
			);
			path = fastCompressionViewComponent;
			sourceTree = "<group>";
		};
		59975A442A152A870090F0A6 /* model */ = {
			isa = PBXGroup;
			children = (
				59975A472A152B130090F0A6 /* repository */,
				59975A452A152A9A0090F0A6 /* Others.swift */,
				59541ED62A18D2B5006439FB /* VideoCompressionModel.swift */,
			);
			path = model;
			sourceTree = "<group>";
		};
		59975A472A152B130090F0A6 /* repository */ = {
			isa = PBXGroup;
			children = (
				59975A482A152B200090F0A6 /* SocialMediaOptionRepo.swift */,
				5923A3722A1676F300023734 /* ResolutionOptionRepo.swift */,
				59541ED82A18D31D006439FB /* QuickCompressionOptionRepo.swift */,
			);
			path = repository;
			sourceTree = "<group>";
		};
		59DCA8F02A17CF9E00160A28 /* videoPicker */ = {
			isa = PBXGroup;
			children = (
				59DCA8F12A17CFB200160A28 /* VideoPickerScreen.swift */,
			);
			path = videoPicker;
			sourceTree = "<group>";
		};
		59E74B1C2A0BF12D0015538F /* ui */ = {
			isa = PBXGroup;
			children = (
				59F78A5B2A0D580700EBC0F1 /* customViews */,
				59F78A482A0D442F00EBC0F1 /* common */,
				59E74B1D2A0BF1360015538F /* screens */,
				59975A402A151EEB0090F0A6 /* Styles.swift */,
			);
			path = ui;
			sourceTree = "<group>";
		};
		59E74B1D2A0BF1360015538F /* screens */ = {
			isa = PBXGroup;
			children = (
				59DCA8F02A17CF9E00160A28 /* videoPicker */,
				59544CC22A129D26007CCFA3 /* home */,
				59F78A4D2A0D4F2700EBC0F1 /* fastCompression */,
			);
			path = screens;
			sourceTree = "<group>";
		};
		59F024A92A13CBD100855848 /* services */ = {
			isa = PBXGroup;
			children = (
				59F024AA2A13CBE100855848 /* VideoLibraryService.swift */,
			);
			path = services;
			sourceTree = "<group>";
		};
		59F78A482A0D442F00EBC0F1 /* common */ = {
			isa = PBXGroup;
			children = (
				59F78A492A0D443E00EBC0F1 /* Extensions.swift */,
				59F78A4B2A0D45C800EBC0F1 /* AppColors.swift */,
				59F78A592A0D54B000EBC0F1 /* Constants.swift */,
			);
			path = common;
			sourceTree = "<group>";
		};
		59F78A4D2A0D4F2700EBC0F1 /* fastCompression */ = {
			isa = PBXGroup;
			children = (
				59F78A522A0D4F8200EBC0F1 /* resolutionCompression */,
				59F78A512A0D4F7700EBC0F1 /* qualityCompression */,
				59F78A502A0D4F7000EBC0F1 /* quickCompression */,
				59F78A4E2A0D4F3B00EBC0F1 /* FastCompressionView.swift */,
			);
			path = fastCompression;
			sourceTree = "<group>";
		};
		59F78A502A0D4F7000EBC0F1 /* quickCompression */ = {
			isa = PBXGroup;
			children = (
				59F78A532A0D4F9D00EBC0F1 /* QuickCompressionView.swift */,
			);
			path = quickCompression;
			sourceTree = "<group>";
		};
		59F78A512A0D4F7700EBC0F1 /* qualityCompression */ = {
			isa = PBXGroup;
			children = (
				59F78A552A0D4FAA00EBC0F1 /* QualityCompressionView.swift */,
				590675BF2A188CBE00ED84F4 /* QualityCompressViewModel.swift */,
			);
			path = qualityCompression;
			sourceTree = "<group>";
		};
		59F78A522A0D4F8200EBC0F1 /* resolutionCompression */ = {
			isa = PBXGroup;
			children = (
				59F78A572A0D4FB500EBC0F1 /* ResolutionCompressionView.swift */,
			);
			path = resolutionCompression;
			sourceTree = "<group>";
		};
		59F78A5B2A0D580700EBC0F1 /* customViews */ = {
			isa = PBXGroup;
			children = (
				59975A392A15134A0090F0A6 /* fastCompressionViewComponent */,
				591C9A5C2A0A9D7700420B24 /* NavbarWithBackButton.swift */,
				59F78A5C2A0D584300EBC0F1 /* HomeScreenNavbar.swift */,
				59AC77712A127EAE00D612A5 /* HomeScreenComponents.swift */,
			);
			path = customViews;
			sourceTree = "<group>";
		};
/* End PBXGroup section */

/* Begin PBXNativeTarget section */
		591C9A482A0A94E000420B24 /* SwiftUISegmentedView */ = {
			isa = PBXNativeTarget;
			buildConfigurationList = 591C9A572A0A94E100420B24 /* Build configuration list for PBXNativeTarget "SwiftUISegmentedView" */;
			buildPhases = (
				591C9A452A0A94E000420B24 /* Sources */,
				591C9A462A0A94E000420B24 /* Frameworks */,
				591C9A472A0A94E000420B24 /* Resources */,
			);
			buildRules = (
			);
			dependencies = (
			);
			name = SwiftUISegmentedView;
			productName = SwiftUISegmentedView;
			productReference = 591C9A492A0A94E000420B24 /* SwiftUISegmentedView.app */;
			productType = "com.apple.product-type.application";
		};
/* End PBXNativeTarget section */

/* Begin PBXProject section */
		591C9A412A0A94E000420B24 /* Project object */ = {
			isa = PBXProject;
			attributes = {
				BuildIndependentTargetsInParallel = 1;
				LastSwiftUpdateCheck = 1400;
				LastUpgradeCheck = 1400;
				TargetAttributes = {
					591C9A482A0A94E000420B24 = {
						CreatedOnToolsVersion = 14.0;
					};
				};
			};
			buildConfigurationList = 591C9A442A0A94E000420B24 /* Build configuration list for PBXProject "SwiftUISegmentedView" */;
			compatibilityVersion = "Xcode 14.0";
			developmentRegion = en;
			hasScannedForEncodings = 0;
			knownRegions = (
				en,
				Base,
			);
			mainGroup = 591C9A402A0A94E000420B24;
			productRefGroup = 591C9A4A2A0A94E000420B24 /* Products */;
			projectDirPath = "";
			projectRoot = "";
			targets = (
				591C9A482A0A94E000420B24 /* SwiftUISegmentedView */,
			);
		};
/* End PBXProject section */

/* Begin PBXResourcesBuildPhase section */
		591C9A472A0A94E000420B24 /* Resources */ = {
			isa = PBXResourcesBuildPhase;
			buildActionMask = 2147483647;
			files = (
				591C9A542A0A94E100420B24 /* Preview Assets.xcassets in Resources */,
				591C9A512A0A94E100420B24 /* Assets.xcassets in Resources */,
			);
			runOnlyForDeploymentPostprocessing = 0;
		};
/* End PBXResourcesBuildPhase section */

/* Begin PBXSourcesBuildPhase section */
		591C9A452A0A94E000420B24 /* Sources */ = {
			isa = PBXSourcesBuildPhase;
			buildActionMask = 2147483647;
			files = (
				59541ED52A18B5E8006439FB /* QualityCompressOptionView.swift in Sources */,
				59F78A4A2A0D443E00EBC0F1 /* Extensions.swift in Sources */,
				59F78A5A2A0D54B000EBC0F1 /* Constants.swift in Sources */,
				5923A3732A1676F300023734 /* ResolutionOptionRepo.swift in Sources */,
				59F78A4C2A0D45C800EBC0F1 /* AppColors.swift in Sources */,
				59F024AB2A13CBE100855848 /* VideoLibraryService.swift in Sources */,
				59F78A562A0D4FAA00EBC0F1 /* QualityCompressionView.swift in Sources */,
				59F78A5D2A0D584300EBC0F1 /* HomeScreenNavbar.swift in Sources */,
				59AC77722A127EAE00D612A5 /* HomeScreenComponents.swift in Sources */,
				59F78A582A0D4FB500EBC0F1 /* ResolutionCompressionView.swift in Sources */,
				59F78A4F2A0D4F3B00EBC0F1 /* FastCompressionView.swift in Sources */,
				59975A412A151EEB0090F0A6 /* Styles.swift in Sources */,
				5923A36E2A1675CD00023734 /* ResolutionCompressionOptionView.swift in Sources */,
				5923A36A2A166D8900023734 /* TrimVideoButtonView.swift in Sources */,
				59E74B1F2A0BF1430015538F /* HomeScreen.swift in Sources */,
				590675C02A188CBE00ED84F4 /* QualityCompressViewModel.swift in Sources */,
				5923A3712A16765E00023734 /* ConstantValues.swift in Sources */,
				59975A3D2A1513CE0090F0A6 /* CompressionPropertyView.swift in Sources */,
				59544CC42A129D37007CCFA3 /* HomeScreenViewModel.swift in Sources */,
				591C9A5D2A0A9D7700420B24 /* NavbarWithBackButton.swift in Sources */,
				59DCA8F22A17CFB200160A28 /* VideoPickerScreen.swift in Sources */,
				591C9A4F2A0A94E000420B24 /* ContentView.swift in Sources */,
				591C9A4D2A0A94E000420B24 /* SwiftUISegmentedViewApp.swift in Sources */,
				59975A462A152A9A0090F0A6 /* Others.swift in Sources */,
				59F78A542A0D4F9D00EBC0F1 /* QuickCompressionView.swift in Sources */,
				59541ED92A18D31D006439FB /* QuickCompressionOptionRepo.swift in Sources */,
				5923A36C2A16709D00023734 /* AdjustVolumeButtonView.swift in Sources */,
				59541ED72A18D2B5006439FB /* VideoCompressionModel.swift in Sources */,
				59975A3F2A151D1D0090F0A6 /* QuickCompressionOptionView.swift in Sources */,
				59975A432A1527CC0090F0A6 /* FitToShareWithView.swift in Sources */,
				59975A492A152B200090F0A6 /* SocialMediaOptionRepo.swift in Sources */,
			);
			runOnlyForDeploymentPostprocessing = 0;
		};
/* End PBXSourcesBuildPhase section */

/* Begin XCBuildConfiguration section */
		591C9A552A0A94E100420B24 /* Debug */ = {
			isa = XCBuildConfiguration;
			buildSettings = {
				ALWAYS_SEARCH_USER_PATHS = NO;
				CLANG_ANALYZER_NONNULL = YES;
				CLANG_ANALYZER_NUMBER_OBJECT_CONVERSION = YES_AGGRESSIVE;
				CLANG_CXX_LANGUAGE_STANDARD = "gnu++20";
				CLANG_ENABLE_MODULES = YES;
				CLANG_ENABLE_OBJC_ARC = YES;
				CLANG_ENABLE_OBJC_WEAK = YES;
				CLANG_WARN_BLOCK_CAPTURE_AUTORELEASING = YES;
				CLANG_WARN_BOOL_CONVERSION = YES;
				CLANG_WARN_COMMA = YES;
				CLANG_WARN_CONSTANT_CONVERSION = YES;
				CLANG_WARN_DEPRECATED_OBJC_IMPLEMENTATIONS = YES;
				CLANG_WARN_DIRECT_OBJC_ISA_USAGE = YES_ERROR;
				CLANG_WARN_DOCUMENTATION_COMMENTS = YES;
				CLANG_WARN_EMPTY_BODY = YES;
				CLANG_WARN_ENUM_CONVERSION = YES;
				CLANG_WARN_INFINITE_RECURSION = YES;
				CLANG_WARN_INT_CONVERSION = YES;
				CLANG_WARN_NON_LITERAL_NULL_CONVERSION = YES;
				CLANG_WARN_OBJC_IMPLICIT_RETAIN_SELF = YES;
				CLANG_WARN_OBJC_LITERAL_CONVERSION = YES;
				CLANG_WARN_OBJC_ROOT_CLASS = YES_ERROR;
				CLANG_WARN_QUOTED_INCLUDE_IN_FRAMEWORK_HEADER = YES;
				CLANG_WARN_RANGE_LOOP_ANALYSIS = YES;
				CLANG_WARN_STRICT_PROTOTYPES = YES;
				CLANG_WARN_SUSPICIOUS_MOVE = YES;
				CLANG_WARN_UNGUARDED_AVAILABILITY = YES_AGGRESSIVE;
				CLANG_WARN_UNREACHABLE_CODE = YES;
				CLANG_WARN__DUPLICATE_METHOD_MATCH = YES;
				COPY_PHASE_STRIP = NO;
				DEBUG_INFORMATION_FORMAT = dwarf;
				ENABLE_STRICT_OBJC_MSGSEND = YES;
				ENABLE_TESTABILITY = YES;
				GCC_C_LANGUAGE_STANDARD = gnu11;
				GCC_DYNAMIC_NO_PIC = NO;
				GCC_NO_COMMON_BLOCKS = YES;
				GCC_OPTIMIZATION_LEVEL = 0;
				GCC_PREPROCESSOR_DEFINITIONS = (
					"DEBUG=1",
					"$(inherited)",
				);
				GCC_WARN_64_TO_32_BIT_CONVERSION = YES;
				GCC_WARN_ABOUT_RETURN_TYPE = YES_ERROR;
				GCC_WARN_UNDECLARED_SELECTOR = YES;
				GCC_WARN_UNINITIALIZED_AUTOS = YES_AGGRESSIVE;
				GCC_WARN_UNUSED_FUNCTION = YES;
				GCC_WARN_UNUSED_VARIABLE = YES;
				IPHONEOS_DEPLOYMENT_TARGET = 16.0;
				MTL_ENABLE_DEBUG_INFO = INCLUDE_SOURCE;
				MTL_FAST_MATH = YES;
				ONLY_ACTIVE_ARCH = YES;
				SDKROOT = iphoneos;
				SWIFT_ACTIVE_COMPILATION_CONDITIONS = DEBUG;
				SWIFT_OPTIMIZATION_LEVEL = "-Onone";
			};
			name = Debug;
		};
		591C9A562A0A94E100420B24 /* Release */ = {
			isa = XCBuildConfiguration;
			buildSettings = {
				ALWAYS_SEARCH_USER_PATHS = NO;
				CLANG_ANALYZER_NONNULL = YES;
				CLANG_ANALYZER_NUMBER_OBJECT_CONVERSION = YES_AGGRESSIVE;
				CLANG_CXX_LANGUAGE_STANDARD = "gnu++20";
				CLANG_ENABLE_MODULES = YES;
				CLANG_ENABLE_OBJC_ARC = YES;
				CLANG_ENABLE_OBJC_WEAK = YES;
				CLANG_WARN_BLOCK_CAPTURE_AUTORELEASING = YES;
				CLANG_WARN_BOOL_CONVERSION = YES;
				CLANG_WARN_COMMA = YES;
				CLANG_WARN_CONSTANT_CONVERSION = YES;
				CLANG_WARN_DEPRECATED_OBJC_IMPLEMENTATIONS = YES;
				CLANG_WARN_DIRECT_OBJC_ISA_USAGE = YES_ERROR;
				CLANG_WARN_DOCUMENTATION_COMMENTS = YES;
				CLANG_WARN_EMPTY_BODY = YES;
				CLANG_WARN_ENUM_CONVERSION = YES;
				CLANG_WARN_INFINITE_RECURSION = YES;
				CLANG_WARN_INT_CONVERSION = YES;
				CLANG_WARN_NON_LITERAL_NULL_CONVERSION = YES;
				CLANG_WARN_OBJC_IMPLICIT_RETAIN_SELF = YES;
				CLANG_WARN_OBJC_LITERAL_CONVERSION = YES;
				CLANG_WARN_OBJC_ROOT_CLASS = YES_ERROR;
				CLANG_WARN_QUOTED_INCLUDE_IN_FRAMEWORK_HEADER = YES;
				CLANG_WARN_RANGE_LOOP_ANALYSIS = YES;
				CLANG_WARN_STRICT_PROTOTYPES = YES;
				CLANG_WARN_SUSPICIOUS_MOVE = YES;
				CLANG_WARN_UNGUARDED_AVAILABILITY = YES_AGGRESSIVE;
				CLANG_WARN_UNREACHABLE_CODE = YES;
				CLANG_WARN__DUPLICATE_METHOD_MATCH = YES;
				COPY_PHASE_STRIP = NO;
				DEBUG_INFORMATION_FORMAT = "dwarf-with-dsym";
				ENABLE_NS_ASSERTIONS = NO;
				ENABLE_STRICT_OBJC_MSGSEND = YES;
				GCC_C_LANGUAGE_STANDARD = gnu11;
				GCC_NO_COMMON_BLOCKS = YES;
				GCC_WARN_64_TO_32_BIT_CONVERSION = YES;
				GCC_WARN_ABOUT_RETURN_TYPE = YES_ERROR;
				GCC_WARN_UNDECLARED_SELECTOR = YES;
				GCC_WARN_UNINITIALIZED_AUTOS = YES_AGGRESSIVE;
				GCC_WARN_UNUSED_FUNCTION = YES;
				GCC_WARN_UNUSED_VARIABLE = YES;
				IPHONEOS_DEPLOYMENT_TARGET = 16.0;
				MTL_ENABLE_DEBUG_INFO = NO;
				MTL_FAST_MATH = YES;
				SDKROOT = iphoneos;
				SWIFT_COMPILATION_MODE = wholemodule;
				SWIFT_OPTIMIZATION_LEVEL = "-O";
				VALIDATE_PRODUCT = YES;
			};
			name = Release;
		};
		591C9A582A0A94E100420B24 /* Debug */ = {
			isa = XCBuildConfiguration;
			buildSettings = {
				ASSETCATALOG_COMPILER_APPICON_NAME = AppIcon;
				ASSETCATALOG_COMPILER_GLOBAL_ACCENT_COLOR_NAME = AccentColor;
				CODE_SIGN_STYLE = Automatic;
				CURRENT_PROJECT_VERSION = 1;
				DEVELOPMENT_ASSET_PATHS = "\"SwiftUISegmentedView/Preview Content\"";
				DEVELOPMENT_TEAM = 8H99G6VBDV;
				ENABLE_PREVIEWS = YES;
				GENERATE_INFOPLIST_FILE = YES;
				INFOPLIST_FILE = SwiftUISegmentedView/Info.plist;
				INFOPLIST_KEY_LSApplicationCategoryType = "";
				INFOPLIST_KEY_NSPhotoLibraryAddUsageDescription = "Required Photo Gallery Permission";
				INFOPLIST_KEY_UIApplicationSceneManifest_Generation = YES;
				INFOPLIST_KEY_UIApplicationSupportsIndirectInputEvents = YES;
				INFOPLIST_KEY_UILaunchScreen_Generation = YES;
				INFOPLIST_KEY_UISupportedInterfaceOrientations_iPad = "UIInterfaceOrientationPortrait UIInterfaceOrientationPortraitUpsideDown UIInterfaceOrientationLandscapeLeft UIInterfaceOrientationLandscapeRight";
				INFOPLIST_KEY_UISupportedInterfaceOrientations_iPhone = "UIInterfaceOrientationPortrait UIInterfaceOrientationLandscapeLeft UIInterfaceOrientationLandscapeRight";
				LD_RUNPATH_SEARCH_PATHS = (
					"$(inherited)",
					"@executable_path/Frameworks",
				);
				MARKETING_VERSION = 1.0;
				PRODUCT_BUNDLE_IDENTIFIER = com.stcodesapp.SwiftUISegmentedView;
				PRODUCT_NAME = "$(TARGET_NAME)";
				SWIFT_EMIT_LOC_STRINGS = YES;
				SWIFT_VERSION = 5.0;
				TARGETED_DEVICE_FAMILY = "1,2";
			};
			name = Debug;
		};
		591C9A592A0A94E100420B24 /* Release */ = {
			isa = XCBuildConfiguration;
			buildSettings = {
				ASSETCATALOG_COMPILER_APPICON_NAME = AppIcon;
				ASSETCATALOG_COMPILER_GLOBAL_ACCENT_COLOR_NAME = AccentColor;
				CODE_SIGN_STYLE = Automatic;
				CURRENT_PROJECT_VERSION = 1;
				DEVELOPMENT_ASSET_PATHS = "\"SwiftUISegmentedView/Preview Content\"";
				DEVELOPMENT_TEAM = 8H99G6VBDV;
				ENABLE_PREVIEWS = YES;
				GENERATE_INFOPLIST_FILE = YES;
				INFOPLIST_FILE = SwiftUISegmentedView/Info.plist;
				INFOPLIST_KEY_LSApplicationCategoryType = "";
				INFOPLIST_KEY_NSPhotoLibraryAddUsageDescription = "Required Photo Gallery Permission";
				INFOPLIST_KEY_UIApplicationSceneManifest_Generation = YES;
				INFOPLIST_KEY_UIApplicationSupportsIndirectInputEvents = YES;
				INFOPLIST_KEY_UILaunchScreen_Generation = YES;
				INFOPLIST_KEY_UISupportedInterfaceOrientations_iPad = "UIInterfaceOrientationPortrait UIInterfaceOrientationPortraitUpsideDown UIInterfaceOrientationLandscapeLeft UIInterfaceOrientationLandscapeRight";
				INFOPLIST_KEY_UISupportedInterfaceOrientations_iPhone = "UIInterfaceOrientationPortrait UIInterfaceOrientationLandscapeLeft UIInterfaceOrientationLandscapeRight";
				LD_RUNPATH_SEARCH_PATHS = (
					"$(inherited)",
					"@executable_path/Frameworks",
				);
				MARKETING_VERSION = 1.0;
				PRODUCT_BUNDLE_IDENTIFIER = com.stcodesapp.SwiftUISegmentedView;
				PRODUCT_NAME = "$(TARGET_NAME)";
				SWIFT_EMIT_LOC_STRINGS = YES;
				SWIFT_VERSION = 5.0;
				TARGETED_DEVICE_FAMILY = "1,2";
			};
			name = Release;
		};
/* End XCBuildConfiguration section */

/* Begin XCConfigurationList section */
		591C9A442A0A94E000420B24 /* Build configuration list for PBXProject "SwiftUISegmentedView" */ = {
			isa = XCConfigurationList;
			buildConfigurations = (
				591C9A552A0A94E100420B24 /* Debug */,
				591C9A562A0A94E100420B24 /* Release */,
			);
			defaultConfigurationIsVisible = 0;
			defaultConfigurationName = Release;
		};
		591C9A572A0A94E100420B24 /* Build configuration list for PBXNativeTarget "SwiftUISegmentedView" */ = {
			isa = XCConfigurationList;
			buildConfigurations = (
				591C9A582A0A94E100420B24 /* Debug */,
				591C9A592A0A94E100420B24 /* Release */,
			);
			defaultConfigurationIsVisible = 0;
			defaultConfigurationName = Release;
		};
/* End XCConfigurationList section */
	};
	rootObject = 591C9A412A0A94E000420B24 /* Project object */;
}
