// !$*UTF8*$!
{
	archiveVersion = 1;
	classes = {
	};
	objectVersion = 56;
	objects = {

/* Begin PBXBuildFile section */
		597F34822A036C82002E4B6D /* SwiftUIIntermediateApp.swift in Sources */ = {isa = PBXBuildFile; fileRef = 597F34812A036C82002E4B6D /* SwiftUIIntermediateApp.swift */; };
		597F34842A036C82002E4B6D /* ContentView.swift in Sources */ = {isa = PBXBuildFile; fileRef = 597F34832A036C82002E4B6D /* ContentView.swift */; };
		597F34862A036C82002E4B6D /* Assets.xcassets in Resources */ = {isa = PBXBuildFile; fileRef = 597F34852A036C82002E4B6D /* Assets.xcassets */; };
		597F34892A036C82002E4B6D /* Preview Assets.xcassets in Resources */ = {isa = PBXBuildFile; fileRef = 597F34882A036C82002E4B6D /* Preview Assets.xcassets */; };
		597F34902A036D17002E4B6D /* LongPressGesture.swift in Sources */ = {isa = PBXBuildFile; fileRef = 597F348F2A036D17002E4B6D /* LongPressGesture.swift */; };
		597F34922A03817A002E4B6D /* MagnificationGestureTest.swift in Sources */ = {isa = PBXBuildFile; fileRef = 597F34912A03817A002E4B6D /* MagnificationGestureTest.swift */; };
		597F34942A038A5D002E4B6D /* RotationGestureTest.swift in Sources */ = {isa = PBXBuildFile; fileRef = 597F34932A038A5D002E4B6D /* RotationGestureTest.swift */; };
		597F34962A038DAE002E4B6D /* DragGestureTest.swift in Sources */ = {isa = PBXBuildFile; fileRef = 597F34952A038DAE002E4B6D /* DragGestureTest.swift */; };
		597F34982A0398C3002E4B6D /* DragGestureTest2.swift in Sources */ = {isa = PBXBuildFile; fileRef = 597F34972A0398C3002E4B6D /* DragGestureTest2.swift */; };
		597F349C2A039C5A002E4B6D /* DragGestureTest3.swift in Sources */ = {isa = PBXBuildFile; fileRef = 597F349B2A039C5A002E4B6D /* DragGestureTest3.swift */; };
		597F349E2A03BAFF002E4B6D /* ScrollViewReaderTest.swift in Sources */ = {isa = PBXBuildFile; fileRef = 597F349D2A03BAFF002E4B6D /* ScrollViewReaderTest.swift */; };
		597F34A02A03C69E002E4B6D /* GeometryReaderTest.swift in Sources */ = {isa = PBXBuildFile; fileRef = 597F349F2A03C69E002E4B6D /* GeometryReaderTest.swift */; };
		597F34A22A03C926002E4B6D /* MultipleSheetsTest.swift in Sources */ = {isa = PBXBuildFile; fileRef = 597F34A12A03C926002E4B6D /* MultipleSheetsTest.swift */; };
		597F34A42A03D257002E4B6D /* MaskTest.swift in Sources */ = {isa = PBXBuildFile; fileRef = 597F34A32A03D257002E4B6D /* MaskTest.swift */; };
		597F34A62A03D965002E4B6D /* SoundTest.swift in Sources */ = {isa = PBXBuildFile; fileRef = 597F34A52A03D965002E4B6D /* SoundTest.swift */; };
		597F34AB2A03DB1E002E4B6D /* tada.mp3 in Resources */ = {isa = PBXBuildFile; fileRef = 597F34AA2A03DB1E002E4B6D /* tada.mp3 */; };
		597F34AD2A03DB27002E4B6D /* quack.mp3 in Resources */ = {isa = PBXBuildFile; fileRef = 597F34AC2A03DB27002E4B6D /* quack.mp3 */; };
/* End PBXBuildFile section */

/* Begin PBXFileReference section */
		597F347E2A036C82002E4B6D /* SwiftUIIntermediate.app */ = {isa = PBXFileReference; explicitFileType = wrapper.application; includeInIndex = 0; path = SwiftUIIntermediate.app; sourceTree = BUILT_PRODUCTS_DIR; };
		597F34812A036C82002E4B6D /* SwiftUIIntermediateApp.swift */ = {isa = PBXFileReference; lastKnownFileType = sourcecode.swift; path = SwiftUIIntermediateApp.swift; sourceTree = "<group>"; };
		597F34832A036C82002E4B6D /* ContentView.swift */ = {isa = PBXFileReference; lastKnownFileType = sourcecode.swift; path = ContentView.swift; sourceTree = "<group>"; };
		597F34852A036C82002E4B6D /* Assets.xcassets */ = {isa = PBXFileReference; lastKnownFileType = folder.assetcatalog; path = Assets.xcassets; sourceTree = "<group>"; };
		597F34882A036C82002E4B6D /* Preview Assets.xcassets */ = {isa = PBXFileReference; lastKnownFileType = folder.assetcatalog; path = "Preview Assets.xcassets"; sourceTree = "<group>"; };
		597F348F2A036D17002E4B6D /* LongPressGesture.swift */ = {isa = PBXFileReference; lastKnownFileType = sourcecode.swift; path = LongPressGesture.swift; sourceTree = "<group>"; };
		597F34912A03817A002E4B6D /* MagnificationGestureTest.swift */ = {isa = PBXFileReference; lastKnownFileType = sourcecode.swift; path = MagnificationGestureTest.swift; sourceTree = "<group>"; };
		597F34932A038A5D002E4B6D /* RotationGestureTest.swift */ = {isa = PBXFileReference; lastKnownFileType = sourcecode.swift; path = RotationGestureTest.swift; sourceTree = "<group>"; };
		597F34952A038DAE002E4B6D /* DragGestureTest.swift */ = {isa = PBXFileReference; lastKnownFileType = sourcecode.swift; path = DragGestureTest.swift; sourceTree = "<group>"; };
		597F34972A0398C3002E4B6D /* DragGestureTest2.swift */ = {isa = PBXFileReference; lastKnownFileType = sourcecode.swift; path = DragGestureTest2.swift; sourceTree = "<group>"; };
		597F349B2A039C5A002E4B6D /* DragGestureTest3.swift */ = {isa = PBXFileReference; lastKnownFileType = sourcecode.swift; path = DragGestureTest3.swift; sourceTree = "<group>"; };
		597F349D2A03BAFF002E4B6D /* ScrollViewReaderTest.swift */ = {isa = PBXFileReference; lastKnownFileType = sourcecode.swift; path = ScrollViewReaderTest.swift; sourceTree = "<group>"; };
		597F349F2A03C69E002E4B6D /* GeometryReaderTest.swift */ = {isa = PBXFileReference; lastKnownFileType = sourcecode.swift; path = GeometryReaderTest.swift; sourceTree = "<group>"; };
		597F34A12A03C926002E4B6D /* MultipleSheetsTest.swift */ = {isa = PBXFileReference; lastKnownFileType = sourcecode.swift; path = MultipleSheetsTest.swift; sourceTree = "<group>"; };
		597F34A32A03D257002E4B6D /* MaskTest.swift */ = {isa = PBXFileReference; lastKnownFileType = sourcecode.swift; path = MaskTest.swift; sourceTree = "<group>"; };
		597F34A52A03D965002E4B6D /* SoundTest.swift */ = {isa = PBXFileReference; lastKnownFileType = sourcecode.swift; path = SoundTest.swift; sourceTree = "<group>"; };
		597F34AA2A03DB1E002E4B6D /* tada.mp3 */ = {isa = PBXFileReference; lastKnownFileType = audio.mp3; path = tada.mp3; sourceTree = "<group>"; };
		597F34AC2A03DB27002E4B6D /* quack.mp3 */ = {isa = PBXFileReference; lastKnownFileType = audio.mp3; path = quack.mp3; sourceTree = "<group>"; };
/* End PBXFileReference section */

/* Begin PBXFrameworksBuildPhase section */
		597F347B2A036C82002E4B6D /* Frameworks */ = {
			isa = PBXFrameworksBuildPhase;
			buildActionMask = 2147483647;
			files = (
			);
			runOnlyForDeploymentPostprocessing = 0;
		};
/* End PBXFrameworksBuildPhase section */

/* Begin PBXGroup section */
		597F34752A036C82002E4B6D = {
			isa = PBXGroup;
			children = (
				597F34802A036C82002E4B6D /* SwiftUIIntermediate */,
				597F347F2A036C82002E4B6D /* Products */,
			);
			sourceTree = "<group>";
		};
		597F347F2A036C82002E4B6D /* Products */ = {
			isa = PBXGroup;
			children = (
				597F347E2A036C82002E4B6D /* SwiftUIIntermediate.app */,
			);
			name = Products;
			sourceTree = "<group>";
		};
		597F34802A036C82002E4B6D /* SwiftUIIntermediate */ = {
			isa = PBXGroup;
			children = (
				597F34A72A03DAFB002E4B6D /* sounds */,
				597F34812A036C82002E4B6D /* SwiftUIIntermediateApp.swift */,
				597F34832A036C82002E4B6D /* ContentView.swift */,
				597F34852A036C82002E4B6D /* Assets.xcassets */,
				597F34872A036C82002E4B6D /* Preview Content */,
				597F348F2A036D17002E4B6D /* LongPressGesture.swift */,
				597F34912A03817A002E4B6D /* MagnificationGestureTest.swift */,
				597F34932A038A5D002E4B6D /* RotationGestureTest.swift */,
				597F34952A038DAE002E4B6D /* DragGestureTest.swift */,
				597F34972A0398C3002E4B6D /* DragGestureTest2.swift */,
				597F349B2A039C5A002E4B6D /* DragGestureTest3.swift */,
				597F349D2A03BAFF002E4B6D /* ScrollViewReaderTest.swift */,
				597F349F2A03C69E002E4B6D /* GeometryReaderTest.swift */,
				597F34A12A03C926002E4B6D /* MultipleSheetsTest.swift */,
				597F34A32A03D257002E4B6D /* MaskTest.swift */,
				597F34A52A03D965002E4B6D /* SoundTest.swift */,
			);
			path = SwiftUIIntermediate;
			sourceTree = "<group>";
		};
		597F34872A036C82002E4B6D /* Preview Content */ = {
			isa = PBXGroup;
			children = (
				597F34882A036C82002E4B6D /* Preview Assets.xcassets */,
			);
			path = "Preview Content";
			sourceTree = "<group>";
		};
		597F34A72A03DAFB002E4B6D /* sounds */ = {
			isa = PBXGroup;
			children = (
				597F34AC2A03DB27002E4B6D /* quack.mp3 */,
				597F34AA2A03DB1E002E4B6D /* tada.mp3 */,
			);
			path = sounds;
			sourceTree = "<group>";
		};
/* End PBXGroup section */

/* Begin PBXNativeTarget section */
		597F347D2A036C82002E4B6D /* SwiftUIIntermediate */ = {
			isa = PBXNativeTarget;
			buildConfigurationList = 597F348C2A036C82002E4B6D /* Build configuration list for PBXNativeTarget "SwiftUIIntermediate" */;
			buildPhases = (
				597F347A2A036C82002E4B6D /* Sources */,
				597F347B2A036C82002E4B6D /* Frameworks */,
				597F347C2A036C82002E4B6D /* Resources */,
			);
			buildRules = (
			);
			dependencies = (
			);
			name = SwiftUIIntermediate;
			productName = SwiftUIIntermediate;
			productReference = 597F347E2A036C82002E4B6D /* SwiftUIIntermediate.app */;
			productType = "com.apple.product-type.application";
		};
/* End PBXNativeTarget section */

/* Begin PBXProject section */
		597F34762A036C82002E4B6D /* Project object */ = {
			isa = PBXProject;
			attributes = {
				BuildIndependentTargetsInParallel = 1;
				LastSwiftUpdateCheck = 1400;
				LastUpgradeCheck = 1400;
				TargetAttributes = {
					597F347D2A036C82002E4B6D = {
						CreatedOnToolsVersion = 14.0;
					};
				};
			};
			buildConfigurationList = 597F34792A036C82002E4B6D /* Build configuration list for PBXProject "SwiftUIIntermediate" */;
			compatibilityVersion = "Xcode 14.0";
			developmentRegion = en;
			hasScannedForEncodings = 0;
			knownRegions = (
				en,
				Base,
			);
			mainGroup = 597F34752A036C82002E4B6D;
			productRefGroup = 597F347F2A036C82002E4B6D /* Products */;
			projectDirPath = "";
			projectRoot = "";
			targets = (
				597F347D2A036C82002E4B6D /* SwiftUIIntermediate */,
			);
		};
/* End PBXProject section */

/* Begin PBXResourcesBuildPhase section */
		597F347C2A036C82002E4B6D /* Resources */ = {
			isa = PBXResourcesBuildPhase;
			buildActionMask = 2147483647;
			files = (
				597F34892A036C82002E4B6D /* Preview Assets.xcassets in Resources */,
				597F34AD2A03DB27002E4B6D /* quack.mp3 in Resources */,
				597F34AB2A03DB1E002E4B6D /* tada.mp3 in Resources */,
				597F34862A036C82002E4B6D /* Assets.xcassets in Resources */,
			);
			runOnlyForDeploymentPostprocessing = 0;
		};
/* End PBXResourcesBuildPhase section */

/* Begin PBXSourcesBuildPhase section */
		597F347A2A036C82002E4B6D /* Sources */ = {
			isa = PBXSourcesBuildPhase;
			buildActionMask = 2147483647;
			files = (
				597F34A22A03C926002E4B6D /* MultipleSheetsTest.swift in Sources */,
				597F34A02A03C69E002E4B6D /* GeometryReaderTest.swift in Sources */,
				597F34A62A03D965002E4B6D /* SoundTest.swift in Sources */,
				597F34842A036C82002E4B6D /* ContentView.swift in Sources */,
				597F349C2A039C5A002E4B6D /* DragGestureTest3.swift in Sources */,
				597F34982A0398C3002E4B6D /* DragGestureTest2.swift in Sources */,
				597F34962A038DAE002E4B6D /* DragGestureTest.swift in Sources */,
				597F349E2A03BAFF002E4B6D /* ScrollViewReaderTest.swift in Sources */,
				597F34922A03817A002E4B6D /* MagnificationGestureTest.swift in Sources */,
				597F34822A036C82002E4B6D /* SwiftUIIntermediateApp.swift in Sources */,
				597F34A42A03D257002E4B6D /* MaskTest.swift in Sources */,
				597F34942A038A5D002E4B6D /* RotationGestureTest.swift in Sources */,
				597F34902A036D17002E4B6D /* LongPressGesture.swift in Sources */,
			);
			runOnlyForDeploymentPostprocessing = 0;
		};
/* End PBXSourcesBuildPhase section */

/* Begin XCBuildConfiguration section */
		597F348A2A036C82002E4B6D /* Debug */ = {
			isa = XCBuildConfiguration;
			buildSettings = {
				ALWAYS_SEARCH_USER_PATHS = NO;
				CLANG_ANALYZER_NONNULL = YES;
				CLANG_ANALYZER_NUMBER_OBJECT_CONVERSION = YES_AGGRESSIVE;
				CLANG_CXX_LANGUAGE_STANDARD = "gnu++20";
				CLANG_ENABLE_MODULES = YES;
				CLANG_ENABLE_OBJC_ARC = YES;
				CLANG_ENABLE_OBJC_WEAK = YES;
				CLANG_WARN_BLOCK_CAPTURE_AUTORELEASING = YES;
				CLANG_WARN_BOOL_CONVERSION = YES;
				CLANG_WARN_COMMA = YES;
				CLANG_WARN_CONSTANT_CONVERSION = YES;
				CLANG_WARN_DEPRECATED_OBJC_IMPLEMENTATIONS = YES;
				CLANG_WARN_DIRECT_OBJC_ISA_USAGE = YES_ERROR;
				CLANG_WARN_DOCUMENTATION_COMMENTS = YES;
				CLANG_WARN_EMPTY_BODY = YES;
				CLANG_WARN_ENUM_CONVERSION = YES;
				CLANG_WARN_INFINITE_RECURSION = YES;
				CLANG_WARN_INT_CONVERSION = YES;
				CLANG_WARN_NON_LITERAL_NULL_CONVERSION = YES;
				CLANG_WARN_OBJC_IMPLICIT_RETAIN_SELF = YES;
				CLANG_WARN_OBJC_LITERAL_CONVERSION = YES;
				CLANG_WARN_OBJC_ROOT_CLASS = YES_ERROR;
				CLANG_WARN_QUOTED_INCLUDE_IN_FRAMEWORK_HEADER = YES;
				CLANG_WARN_RANGE_LOOP_ANALYSIS = YES;
				CLANG_WARN_STRICT_PROTOTYPES = YES;
				CLANG_WARN_SUSPICIOUS_MOVE = YES;
				CLANG_WARN_UNGUARDED_AVAILABILITY = YES_AGGRESSIVE;
				CLANG_WARN_UNREACHABLE_CODE = YES;
				CLANG_WARN__DUPLICATE_METHOD_MATCH = YES;
				COPY_PHASE_STRIP = NO;
				DEBUG_INFORMATION_FORMAT = dwarf;
				ENABLE_STRICT_OBJC_MSGSEND = YES;
				ENABLE_TESTABILITY = YES;
				GCC_C_LANGUAGE_STANDARD = gnu11;
				GCC_DYNAMIC_NO_PIC = NO;
				GCC_NO_COMMON_BLOCKS = YES;
				GCC_OPTIMIZATION_LEVEL = 0;
				GCC_PREPROCESSOR_DEFINITIONS = (
					"DEBUG=1",
					"$(inherited)",
				);
				GCC_WARN_64_TO_32_BIT_CONVERSION = YES;
				GCC_WARN_ABOUT_RETURN_TYPE = YES_ERROR;
				GCC_WARN_UNDECLARED_SELECTOR = YES;
				GCC_WARN_UNINITIALIZED_AUTOS = YES_AGGRESSIVE;
				GCC_WARN_UNUSED_FUNCTION = YES;
				GCC_WARN_UNUSED_VARIABLE = YES;
				IPHONEOS_DEPLOYMENT_TARGET = 16.0;
				MTL_ENABLE_DEBUG_INFO = INCLUDE_SOURCE;
				MTL_FAST_MATH = YES;
				ONLY_ACTIVE_ARCH = YES;
				SDKROOT = iphoneos;
				SWIFT_ACTIVE_COMPILATION_CONDITIONS = DEBUG;
				SWIFT_OPTIMIZATION_LEVEL = "-Onone";
			};
			name = Debug;
		};
		597F348B2A036C82002E4B6D /* Release */ = {
			isa = XCBuildConfiguration;
			buildSettings = {
				ALWAYS_SEARCH_USER_PATHS = NO;
				CLANG_ANALYZER_NONNULL = YES;
				CLANG_ANALYZER_NUMBER_OBJECT_CONVERSION = YES_AGGRESSIVE;
				CLANG_CXX_LANGUAGE_STANDARD = "gnu++20";
				CLANG_ENABLE_MODULES = YES;
				CLANG_ENABLE_OBJC_ARC = YES;
				CLANG_ENABLE_OBJC_WEAK = YES;
				CLANG_WARN_BLOCK_CAPTURE_AUTORELEASING = YES;
				CLANG_WARN_BOOL_CONVERSION = YES;
				CLANG_WARN_COMMA = YES;
				CLANG_WARN_CONSTANT_CONVERSION = YES;
				CLANG_WARN_DEPRECATED_OBJC_IMPLEMENTATIONS = YES;
				CLANG_WARN_DIRECT_OBJC_ISA_USAGE = YES_ERROR;
				CLANG_WARN_DOCUMENTATION_COMMENTS = YES;
				CLANG_WARN_EMPTY_BODY = YES;
				CLANG_WARN_ENUM_CONVERSION = YES;
				CLANG_WARN_INFINITE_RECURSION = YES;
				CLANG_WARN_INT_CONVERSION = YES;
				CLANG_WARN_NON_LITERAL_NULL_CONVERSION = YES;
				CLANG_WARN_OBJC_IMPLICIT_RETAIN_SELF = YES;
				CLANG_WARN_OBJC_LITERAL_CONVERSION = YES;
				CLANG_WARN_OBJC_ROOT_CLASS = YES_ERROR;
				CLANG_WARN_QUOTED_INCLUDE_IN_FRAMEWORK_HEADER = YES;
				CLANG_WARN_RANGE_LOOP_ANALYSIS = YES;
				CLANG_WARN_STRICT_PROTOTYPES = YES;
				CLANG_WARN_SUSPICIOUS_MOVE = YES;
				CLANG_WARN_UNGUARDED_AVAILABILITY = YES_AGGRESSIVE;
				CLANG_WARN_UNREACHABLE_CODE = YES;
				CLANG_WARN__DUPLICATE_METHOD_MATCH = YES;
				COPY_PHASE_STRIP = NO;
				DEBUG_INFORMATION_FORMAT = "dwarf-with-dsym";
				ENABLE_NS_ASSERTIONS = NO;
				ENABLE_STRICT_OBJC_MSGSEND = YES;
				GCC_C_LANGUAGE_STANDARD = gnu11;
				GCC_NO_COMMON_BLOCKS = YES;
				GCC_WARN_64_TO_32_BIT_CONVERSION = YES;
				GCC_WARN_ABOUT_RETURN_TYPE = YES_ERROR;
				GCC_WARN_UNDECLARED_SELECTOR = YES;
				GCC_WARN_UNINITIALIZED_AUTOS = YES_AGGRESSIVE;
				GCC_WARN_UNUSED_FUNCTION = YES;
				GCC_WARN_UNUSED_VARIABLE = YES;
				IPHONEOS_DEPLOYMENT_TARGET = 16.0;
				MTL_ENABLE_DEBUG_INFO = NO;
				MTL_FAST_MATH = YES;
				SDKROOT = iphoneos;
				SWIFT_COMPILATION_MODE = wholemodule;
				SWIFT_OPTIMIZATION_LEVEL = "-O";
				VALIDATE_PRODUCT = YES;
			};
			name = Release;
		};
		597F348D2A036C82002E4B6D /* Debug */ = {
			isa = XCBuildConfiguration;
			buildSettings = {
				ASSETCATALOG_COMPILER_APPICON_NAME = AppIcon;
				ASSETCATALOG_COMPILER_GLOBAL_ACCENT_COLOR_NAME = AccentColor;
				CODE_SIGN_STYLE = Automatic;
				CURRENT_PROJECT_VERSION = 1;
				DEVELOPMENT_ASSET_PATHS = "\"SwiftUIIntermediate/Preview Content\"";
				ENABLE_PREVIEWS = YES;
				GENERATE_INFOPLIST_FILE = YES;
				INFOPLIST_KEY_UIApplicationSceneManifest_Generation = YES;
				INFOPLIST_KEY_UIApplicationSupportsIndirectInputEvents = YES;
				INFOPLIST_KEY_UILaunchScreen_Generation = YES;
				INFOPLIST_KEY_UISupportedInterfaceOrientations_iPad = "UIInterfaceOrientationPortrait UIInterfaceOrientationPortraitUpsideDown UIInterfaceOrientationLandscapeLeft UIInterfaceOrientationLandscapeRight";
				INFOPLIST_KEY_UISupportedInterfaceOrientations_iPhone = "UIInterfaceOrientationPortrait UIInterfaceOrientationLandscapeLeft UIInterfaceOrientationLandscapeRight";
				LD_RUNPATH_SEARCH_PATHS = (
					"$(inherited)",
					"@executable_path/Frameworks",
				);
				MARKETING_VERSION = 1.0;
				PRODUCT_BUNDLE_IDENTIFIER = com.stcodesapp.SwiftUIIntermediate;
				PRODUCT_NAME = "$(TARGET_NAME)";
				SWIFT_EMIT_LOC_STRINGS = YES;
				SWIFT_VERSION = 5.0;
				TARGETED_DEVICE_FAMILY = "1,2";
			};
			name = Debug;
		};
		597F348E2A036C82002E4B6D /* Release */ = {
			isa = XCBuildConfiguration;
			buildSettings = {
				ASSETCATALOG_COMPILER_APPICON_NAME = AppIcon;
				ASSETCATALOG_COMPILER_GLOBAL_ACCENT_COLOR_NAME = AccentColor;
				CODE_SIGN_STYLE = Automatic;
				CURRENT_PROJECT_VERSION = 1;
				DEVELOPMENT_ASSET_PATHS = "\"SwiftUIIntermediate/Preview Content\"";
				ENABLE_PREVIEWS = YES;
				GENERATE_INFOPLIST_FILE = YES;
				INFOPLIST_KEY_UIApplicationSceneManifest_Generation = YES;
				INFOPLIST_KEY_UIApplicationSupportsIndirectInputEvents = YES;
				INFOPLIST_KEY_UILaunchScreen_Generation = YES;
				INFOPLIST_KEY_UISupportedInterfaceOrientations_iPad = "UIInterfaceOrientationPortrait UIInterfaceOrientationPortraitUpsideDown UIInterfaceOrientationLandscapeLeft UIInterfaceOrientationLandscapeRight";
				INFOPLIST_KEY_UISupportedInterfaceOrientations_iPhone = "UIInterfaceOrientationPortrait UIInterfaceOrientationLandscapeLeft UIInterfaceOrientationLandscapeRight";
				LD_RUNPATH_SEARCH_PATHS = (
					"$(inherited)",
					"@executable_path/Frameworks",
				);
				MARKETING_VERSION = 1.0;
				PRODUCT_BUNDLE_IDENTIFIER = com.stcodesapp.SwiftUIIntermediate;
				PRODUCT_NAME = "$(TARGET_NAME)";
				SWIFT_EMIT_LOC_STRINGS = YES;
				SWIFT_VERSION = 5.0;
				TARGETED_DEVICE_FAMILY = "1,2";
			};
			name = Release;
		};
/* End XCBuildConfiguration section */

/* Begin XCConfigurationList section */
		597F34792A036C82002E4B6D /* Build configuration list for PBXProject "SwiftUIIntermediate" */ = {
			isa = XCConfigurationList;
			buildConfigurations = (
				597F348A2A036C82002E4B6D /* Debug */,
				597F348B2A036C82002E4B6D /* Release */,
			);
			defaultConfigurationIsVisible = 0;
			defaultConfigurationName = Release;
		};
		597F348C2A036C82002E4B6D /* Build configuration list for PBXNativeTarget "SwiftUIIntermediate" */ = {
			isa = XCConfigurationList;
			buildConfigurations = (
				597F348D2A036C82002E4B6D /* Debug */,
				597F348E2A036C82002E4B6D /* Release */,
			);
			defaultConfigurationIsVisible = 0;
			defaultConfigurationName = Release;
		};
/* End XCConfigurationList section */
	};
	rootObject = 597F34762A036C82002E4B6D /* Project object */;
}
