// !$*UTF8*$!
{
	archiveVersion = 1;
	classes = {
	};
	objectVersion = 56;
	objects = {

/* Begin PBXBuildFile section */
		593EAF6C2A6793C6008241FD /* TaskTest.swift in Sources */ = {isa = PBXBuildFile; fileRef = 593EAF6B2A6793C6008241FD /* TaskTest.swift */; };
		594A87DD2A64112C00683652 /* DownloadImageAsync.swift in Sources */ = {isa = PBXBuildFile; fileRef = 594A87DC2A64112C00683652 /* DownloadImageAsync.swift */; };
		5963C1482A66B7C7003D1A63 /* AsyncAwaitTest.swift in Sources */ = {isa = PBXBuildFile; fileRef = 5963C1472A66B7C7003D1A63 /* AsyncAwaitTest.swift */; };
		597687A52A721F8D00F4E3C5 /* SwiftUIActorTest.swift in Sources */ = {isa = PBXBuildFile; fileRef = 597687A42A721F8D00F4E3C5 /* SwiftUIActorTest.swift */; };
		598A874E2A78B07C001CB947 /* StrongSelfTest.swift in Sources */ = {isa = PBXBuildFile; fileRef = 598A874D2A78B07C001CB947 /* StrongSelfTest.swift */; };
		598A87502A78B445001CB947 /* MVVMSwiftUITest.swift in Sources */ = {isa = PBXBuildFile; fileRef = 598A874F2A78B445001CB947 /* MVVMSwiftUITest.swift */; };
		598A87522A78B93F001CB947 /* RefreshableTest.swift in Sources */ = {isa = PBXBuildFile; fileRef = 598A87512A78B93F001CB947 /* RefreshableTest.swift */; };
		59A6DBEF2A7365A200855828 /* SendableProtocolTest.swift in Sources */ = {isa = PBXBuildFile; fileRef = 59A6DBEE2A7365A200855828 /* SendableProtocolTest.swift */; };
		59ACF6622A6E26380097F752 /* CheckedContinuationTest.swift in Sources */ = {isa = PBXBuildFile; fileRef = 59ACF6612A6E26380097F752 /* CheckedContinuationTest.swift */; };
		59AF082E2A639D80008D262E /* SwiftConcurrencyLearningApp.swift in Sources */ = {isa = PBXBuildFile; fileRef = 59AF082D2A639D80008D262E /* SwiftConcurrencyLearningApp.swift */; };
		59AF08302A639D80008D262E /* ContentView.swift in Sources */ = {isa = PBXBuildFile; fileRef = 59AF082F2A639D80008D262E /* ContentView.swift */; };
		59AF08322A639D81008D262E /* Assets.xcassets in Resources */ = {isa = PBXBuildFile; fileRef = 59AF08312A639D81008D262E /* Assets.xcassets */; };
		59AF08352A639D81008D262E /* Preview Assets.xcassets in Resources */ = {isa = PBXBuildFile; fileRef = 59AF08342A639D81008D262E /* Preview Assets.xcassets */; };
		59AF083C2A639DCE008D262E /* DoCatchTryThrow.swift in Sources */ = {isa = PBXBuildFile; fileRef = 59AF083B2A639DCE008D262E /* DoCatchTryThrow.swift */; };
		59D966432A68DFF4002FF717 /* AsyncLetTest.swift in Sources */ = {isa = PBXBuildFile; fileRef = 59D966422A68DFF4002FF717 /* AsyncLetTest.swift */; };
/* End PBXBuildFile section */

/* Begin PBXFileReference section */
		593EAF6B2A6793C6008241FD /* TaskTest.swift */ = {isa = PBXFileReference; lastKnownFileType = sourcecode.swift; path = TaskTest.swift; sourceTree = "<group>"; };
		594A87DC2A64112C00683652 /* DownloadImageAsync.swift */ = {isa = PBXFileReference; lastKnownFileType = sourcecode.swift; path = DownloadImageAsync.swift; sourceTree = "<group>"; };
		5963C1472A66B7C7003D1A63 /* AsyncAwaitTest.swift */ = {isa = PBXFileReference; lastKnownFileType = sourcecode.swift; path = AsyncAwaitTest.swift; sourceTree = "<group>"; };
		597687A42A721F8D00F4E3C5 /* SwiftUIActorTest.swift */ = {isa = PBXFileReference; lastKnownFileType = sourcecode.swift; path = SwiftUIActorTest.swift; sourceTree = "<group>"; };
		598A874D2A78B07C001CB947 /* StrongSelfTest.swift */ = {isa = PBXFileReference; lastKnownFileType = sourcecode.swift; path = StrongSelfTest.swift; sourceTree = "<group>"; };
		598A874F2A78B445001CB947 /* MVVMSwiftUITest.swift */ = {isa = PBXFileReference; lastKnownFileType = sourcecode.swift; path = MVVMSwiftUITest.swift; sourceTree = "<group>"; };
		598A87512A78B93F001CB947 /* RefreshableTest.swift */ = {isa = PBXFileReference; lastKnownFileType = sourcecode.swift; path = RefreshableTest.swift; sourceTree = "<group>"; };
		59A6DBEE2A7365A200855828 /* SendableProtocolTest.swift */ = {isa = PBXFileReference; lastKnownFileType = sourcecode.swift; path = SendableProtocolTest.swift; sourceTree = "<group>"; };
		59ACF6612A6E26380097F752 /* CheckedContinuationTest.swift */ = {isa = PBXFileReference; lastKnownFileType = sourcecode.swift; path = CheckedContinuationTest.swift; sourceTree = "<group>"; };
		59AF082A2A639D80008D262E /* SwiftConcurrencyLearning.app */ = {isa = PBXFileReference; explicitFileType = wrapper.application; includeInIndex = 0; path = SwiftConcurrencyLearning.app; sourceTree = BUILT_PRODUCTS_DIR; };
		59AF082D2A639D80008D262E /* SwiftConcurrencyLearningApp.swift */ = {isa = PBXFileReference; lastKnownFileType = sourcecode.swift; path = SwiftConcurrencyLearningApp.swift; sourceTree = "<group>"; };
		59AF082F2A639D80008D262E /* ContentView.swift */ = {isa = PBXFileReference; lastKnownFileType = sourcecode.swift; path = ContentView.swift; sourceTree = "<group>"; };
		59AF08312A639D81008D262E /* Assets.xcassets */ = {isa = PBXFileReference; lastKnownFileType = folder.assetcatalog; path = Assets.xcassets; sourceTree = "<group>"; };
		59AF08342A639D81008D262E /* Preview Assets.xcassets */ = {isa = PBXFileReference; lastKnownFileType = folder.assetcatalog; path = "Preview Assets.xcassets"; sourceTree = "<group>"; };
		59AF083B2A639DCE008D262E /* DoCatchTryThrow.swift */ = {isa = PBXFileReference; lastKnownFileType = sourcecode.swift; path = DoCatchTryThrow.swift; sourceTree = "<group>"; };
		59D966422A68DFF4002FF717 /* AsyncLetTest.swift */ = {isa = PBXFileReference; lastKnownFileType = sourcecode.swift; path = AsyncLetTest.swift; sourceTree = "<group>"; };
/* End PBXFileReference section */

/* Begin PBXFrameworksBuildPhase section */
		59AF08272A639D80008D262E /* Frameworks */ = {
			isa = PBXFrameworksBuildPhase;
			buildActionMask = 2147483647;
			files = (
			);
			runOnlyForDeploymentPostprocessing = 0;
		};
/* End PBXFrameworksBuildPhase section */

/* Begin PBXGroup section */
		59AF08212A639D80008D262E = {
			isa = PBXGroup;
			children = (
				59AF082C2A639D80008D262E /* SwiftConcurrencyLearning */,
				59AF082B2A639D80008D262E /* Products */,
			);
			sourceTree = "<group>";
		};
		59AF082B2A639D80008D262E /* Products */ = {
			isa = PBXGroup;
			children = (
				59AF082A2A639D80008D262E /* SwiftConcurrencyLearning.app */,
			);
			name = Products;
			sourceTree = "<group>";
		};
		59AF082C2A639D80008D262E /* SwiftConcurrencyLearning */ = {
			isa = PBXGroup;
			children = (
				59AF082D2A639D80008D262E /* SwiftConcurrencyLearningApp.swift */,
				59AF082F2A639D80008D262E /* ContentView.swift */,
				59AF08312A639D81008D262E /* Assets.xcassets */,
				59AF08332A639D81008D262E /* Preview Content */,
				59AF083B2A639DCE008D262E /* DoCatchTryThrow.swift */,
				594A87DC2A64112C00683652 /* DownloadImageAsync.swift */,
				5963C1472A66B7C7003D1A63 /* AsyncAwaitTest.swift */,
				593EAF6B2A6793C6008241FD /* TaskTest.swift */,
				59D966422A68DFF4002FF717 /* AsyncLetTest.swift */,
				59ACF6612A6E26380097F752 /* CheckedContinuationTest.swift */,
				597687A42A721F8D00F4E3C5 /* SwiftUIActorTest.swift */,
				59A6DBEE2A7365A200855828 /* SendableProtocolTest.swift */,
				598A874D2A78B07C001CB947 /* StrongSelfTest.swift */,
				598A874F2A78B445001CB947 /* MVVMSwiftUITest.swift */,
				598A87512A78B93F001CB947 /* RefreshableTest.swift */,
			);
			path = SwiftConcurrencyLearning;
			sourceTree = "<group>";
		};
		59AF08332A639D81008D262E /* Preview Content */ = {
			isa = PBXGroup;
			children = (
				59AF08342A639D81008D262E /* Preview Assets.xcassets */,
			);
			path = "Preview Content";
			sourceTree = "<group>";
		};
/* End PBXGroup section */

/* Begin PBXNativeTarget section */
		59AF08292A639D80008D262E /* SwiftConcurrencyLearning */ = {
			isa = PBXNativeTarget;
			buildConfigurationList = 59AF08382A639D81008D262E /* Build configuration list for PBXNativeTarget "SwiftConcurrencyLearning" */;
			buildPhases = (
				59AF08262A639D80008D262E /* Sources */,
				59AF08272A639D80008D262E /* Frameworks */,
				59AF08282A639D80008D262E /* Resources */,
			);
			buildRules = (
			);
			dependencies = (
			);
			name = SwiftConcurrencyLearning;
			productName = SwiftConcurrencyLearning;
			productReference = 59AF082A2A639D80008D262E /* SwiftConcurrencyLearning.app */;
			productType = "com.apple.product-type.application";
		};
/* End PBXNativeTarget section */

/* Begin PBXProject section */
		59AF08222A639D80008D262E /* Project object */ = {
			isa = PBXProject;
			attributes = {
				BuildIndependentTargetsInParallel = 1;
				LastSwiftUpdateCheck = 1400;
				LastUpgradeCheck = 1400;
				TargetAttributes = {
					59AF08292A639D80008D262E = {
						CreatedOnToolsVersion = 14.0;
					};
				};
			};
			buildConfigurationList = 59AF08252A639D80008D262E /* Build configuration list for PBXProject "SwiftConcurrencyLearning" */;
			compatibilityVersion = "Xcode 14.0";
			developmentRegion = en;
			hasScannedForEncodings = 0;
			knownRegions = (
				en,
				Base,
			);
			mainGroup = 59AF08212A639D80008D262E;
			productRefGroup = 59AF082B2A639D80008D262E /* Products */;
			projectDirPath = "";
			projectRoot = "";
			targets = (
				59AF08292A639D80008D262E /* SwiftConcurrencyLearning */,
			);
		};
/* End PBXProject section */

/* Begin PBXResourcesBuildPhase section */
		59AF08282A639D80008D262E /* Resources */ = {
			isa = PBXResourcesBuildPhase;
			buildActionMask = 2147483647;
			files = (
				59AF08352A639D81008D262E /* Preview Assets.xcassets in Resources */,
				59AF08322A639D81008D262E /* Assets.xcassets in Resources */,
			);
			runOnlyForDeploymentPostprocessing = 0;
		};
/* End PBXResourcesBuildPhase section */

/* Begin PBXSourcesBuildPhase section */
		59AF08262A639D80008D262E /* Sources */ = {
			isa = PBXSourcesBuildPhase;
			buildActionMask = 2147483647;
			files = (
				597687A52A721F8D00F4E3C5 /* SwiftUIActorTest.swift in Sources */,
				59A6DBEF2A7365A200855828 /* SendableProtocolTest.swift in Sources */,
				594A87DD2A64112C00683652 /* DownloadImageAsync.swift in Sources */,
				59AF08302A639D80008D262E /* ContentView.swift in Sources */,
				59ACF6622A6E26380097F752 /* CheckedContinuationTest.swift in Sources */,
				598A87502A78B445001CB947 /* MVVMSwiftUITest.swift in Sources */,
				598A87522A78B93F001CB947 /* RefreshableTest.swift in Sources */,
				59AF082E2A639D80008D262E /* SwiftConcurrencyLearningApp.swift in Sources */,
				59AF083C2A639DCE008D262E /* DoCatchTryThrow.swift in Sources */,
				59D966432A68DFF4002FF717 /* AsyncLetTest.swift in Sources */,
				593EAF6C2A6793C6008241FD /* TaskTest.swift in Sources */,
				598A874E2A78B07C001CB947 /* StrongSelfTest.swift in Sources */,
				5963C1482A66B7C7003D1A63 /* AsyncAwaitTest.swift in Sources */,
			);
			runOnlyForDeploymentPostprocessing = 0;
		};
/* End PBXSourcesBuildPhase section */

/* Begin XCBuildConfiguration section */
		59AF08362A639D81008D262E /* Debug */ = {
			isa = XCBuildConfiguration;
			buildSettings = {
				ALWAYS_SEARCH_USER_PATHS = NO;
				CLANG_ANALYZER_NONNULL = YES;
				CLANG_ANALYZER_NUMBER_OBJECT_CONVERSION = YES_AGGRESSIVE;
				CLANG_CXX_LANGUAGE_STANDARD = "gnu++20";
				CLANG_ENABLE_MODULES = YES;
				CLANG_ENABLE_OBJC_ARC = YES;
				CLANG_ENABLE_OBJC_WEAK = YES;
				CLANG_WARN_BLOCK_CAPTURE_AUTORELEASING = YES;
				CLANG_WARN_BOOL_CONVERSION = YES;
				CLANG_WARN_COMMA = YES;
				CLANG_WARN_CONSTANT_CONVERSION = YES;
				CLANG_WARN_DEPRECATED_OBJC_IMPLEMENTATIONS = YES;
				CLANG_WARN_DIRECT_OBJC_ISA_USAGE = YES_ERROR;
				CLANG_WARN_DOCUMENTATION_COMMENTS = YES;
				CLANG_WARN_EMPTY_BODY = YES;
				CLANG_WARN_ENUM_CONVERSION = YES;
				CLANG_WARN_INFINITE_RECURSION = YES;
				CLANG_WARN_INT_CONVERSION = YES;
				CLANG_WARN_NON_LITERAL_NULL_CONVERSION = YES;
				CLANG_WARN_OBJC_IMPLICIT_RETAIN_SELF = YES;
				CLANG_WARN_OBJC_LITERAL_CONVERSION = YES;
				CLANG_WARN_OBJC_ROOT_CLASS = YES_ERROR;
				CLANG_WARN_QUOTED_INCLUDE_IN_FRAMEWORK_HEADER = YES;
				CLANG_WARN_RANGE_LOOP_ANALYSIS = YES;
				CLANG_WARN_STRICT_PROTOTYPES = YES;
				CLANG_WARN_SUSPICIOUS_MOVE = YES;
				CLANG_WARN_UNGUARDED_AVAILABILITY = YES_AGGRESSIVE;
				CLANG_WARN_UNREACHABLE_CODE = YES;
				CLANG_WARN__DUPLICATE_METHOD_MATCH = YES;
				COPY_PHASE_STRIP = NO;
				DEBUG_INFORMATION_FORMAT = dwarf;
				ENABLE_STRICT_OBJC_MSGSEND = YES;
				ENABLE_TESTABILITY = YES;
				GCC_C_LANGUAGE_STANDARD = gnu11;
				GCC_DYNAMIC_NO_PIC = NO;
				GCC_NO_COMMON_BLOCKS = YES;
				GCC_OPTIMIZATION_LEVEL = 0;
				GCC_PREPROCESSOR_DEFINITIONS = (
					"DEBUG=1",
					"$(inherited)",
				);
				GCC_WARN_64_TO_32_BIT_CONVERSION = YES;
				GCC_WARN_ABOUT_RETURN_TYPE = YES_ERROR;
				GCC_WARN_UNDECLARED_SELECTOR = YES;
				GCC_WARN_UNINITIALIZED_AUTOS = YES_AGGRESSIVE;
				GCC_WARN_UNUSED_FUNCTION = YES;
				GCC_WARN_UNUSED_VARIABLE = YES;
				IPHONEOS_DEPLOYMENT_TARGET = 16.0;
				MTL_ENABLE_DEBUG_INFO = INCLUDE_SOURCE;
				MTL_FAST_MATH = YES;
				ONLY_ACTIVE_ARCH = YES;
				SDKROOT = iphoneos;
				SWIFT_ACTIVE_COMPILATION_CONDITIONS = DEBUG;
				SWIFT_OPTIMIZATION_LEVEL = "-Onone";
			};
			name = Debug;
		};
		59AF08372A639D81008D262E /* Release */ = {
			isa = XCBuildConfiguration;
			buildSettings = {
				ALWAYS_SEARCH_USER_PATHS = NO;
				CLANG_ANALYZER_NONNULL = YES;
				CLANG_ANALYZER_NUMBER_OBJECT_CONVERSION = YES_AGGRESSIVE;
				CLANG_CXX_LANGUAGE_STANDARD = "gnu++20";
				CLANG_ENABLE_MODULES = YES;
				CLANG_ENABLE_OBJC_ARC = YES;
				CLANG_ENABLE_OBJC_WEAK = YES;
				CLANG_WARN_BLOCK_CAPTURE_AUTORELEASING = YES;
				CLANG_WARN_BOOL_CONVERSION = YES;
				CLANG_WARN_COMMA = YES;
				CLANG_WARN_CONSTANT_CONVERSION = YES;
				CLANG_WARN_DEPRECATED_OBJC_IMPLEMENTATIONS = YES;
				CLANG_WARN_DIRECT_OBJC_ISA_USAGE = YES_ERROR;
				CLANG_WARN_DOCUMENTATION_COMMENTS = YES;
				CLANG_WARN_EMPTY_BODY = YES;
				CLANG_WARN_ENUM_CONVERSION = YES;
				CLANG_WARN_INFINITE_RECURSION = YES;
				CLANG_WARN_INT_CONVERSION = YES;
				CLANG_WARN_NON_LITERAL_NULL_CONVERSION = YES;
				CLANG_WARN_OBJC_IMPLICIT_RETAIN_SELF = YES;
				CLANG_WARN_OBJC_LITERAL_CONVERSION = YES;
				CLANG_WARN_OBJC_ROOT_CLASS = YES_ERROR;
				CLANG_WARN_QUOTED_INCLUDE_IN_FRAMEWORK_HEADER = YES;
				CLANG_WARN_RANGE_LOOP_ANALYSIS = YES;
				CLANG_WARN_STRICT_PROTOTYPES = YES;
				CLANG_WARN_SUSPICIOUS_MOVE = YES;
				CLANG_WARN_UNGUARDED_AVAILABILITY = YES_AGGRESSIVE;
				CLANG_WARN_UNREACHABLE_CODE = YES;
				CLANG_WARN__DUPLICATE_METHOD_MATCH = YES;
				COPY_PHASE_STRIP = NO;
				DEBUG_INFORMATION_FORMAT = "dwarf-with-dsym";
				ENABLE_NS_ASSERTIONS = NO;
				ENABLE_STRICT_OBJC_MSGSEND = YES;
				GCC_C_LANGUAGE_STANDARD = gnu11;
				GCC_NO_COMMON_BLOCKS = YES;
				GCC_WARN_64_TO_32_BIT_CONVERSION = YES;
				GCC_WARN_ABOUT_RETURN_TYPE = YES_ERROR;
				GCC_WARN_UNDECLARED_SELECTOR = YES;
				GCC_WARN_UNINITIALIZED_AUTOS = YES_AGGRESSIVE;
				GCC_WARN_UNUSED_FUNCTION = YES;
				GCC_WARN_UNUSED_VARIABLE = YES;
				IPHONEOS_DEPLOYMENT_TARGET = 16.0;
				MTL_ENABLE_DEBUG_INFO = NO;
				MTL_FAST_MATH = YES;
				SDKROOT = iphoneos;
				SWIFT_COMPILATION_MODE = wholemodule;
				SWIFT_OPTIMIZATION_LEVEL = "-O";
				VALIDATE_PRODUCT = YES;
			};
			name = Release;
		};
		59AF08392A639D81008D262E /* Debug */ = {
			isa = XCBuildConfiguration;
			buildSettings = {
				ASSETCATALOG_COMPILER_APPICON_NAME = AppIcon;
				ASSETCATALOG_COMPILER_GLOBAL_ACCENT_COLOR_NAME = AccentColor;
				CODE_SIGN_STYLE = Automatic;
				CURRENT_PROJECT_VERSION = 1;
				DEVELOPMENT_ASSET_PATHS = "\"SwiftConcurrencyLearning/Preview Content\"";
				DEVELOPMENT_TEAM = 8H99G6VBDV;
				ENABLE_PREVIEWS = YES;
				GENERATE_INFOPLIST_FILE = YES;
				INFOPLIST_KEY_UIApplicationSceneManifest_Generation = YES;
				INFOPLIST_KEY_UIApplicationSupportsIndirectInputEvents = YES;
				INFOPLIST_KEY_UILaunchScreen_Generation = YES;
				INFOPLIST_KEY_UISupportedInterfaceOrientations_iPad = "UIInterfaceOrientationPortrait UIInterfaceOrientationPortraitUpsideDown UIInterfaceOrientationLandscapeLeft UIInterfaceOrientationLandscapeRight";
				INFOPLIST_KEY_UISupportedInterfaceOrientations_iPhone = "UIInterfaceOrientationPortrait UIInterfaceOrientationLandscapeLeft UIInterfaceOrientationLandscapeRight";
				LD_RUNPATH_SEARCH_PATHS = (
					"$(inherited)",
					"@executable_path/Frameworks",
				);
				MARKETING_VERSION = 1.0;
				PRODUCT_BUNDLE_IDENTIFIER = com.stcodesapp.SwiftConcurrencyLearning;
				PRODUCT_NAME = "$(TARGET_NAME)";
				SWIFT_EMIT_LOC_STRINGS = YES;
				SWIFT_VERSION = 5.0;
				TARGETED_DEVICE_FAMILY = "1,2";
			};
			name = Debug;
		};
		59AF083A2A639D81008D262E /* Release */ = {
			isa = XCBuildConfiguration;
			buildSettings = {
				ASSETCATALOG_COMPILER_APPICON_NAME = AppIcon;
				ASSETCATALOG_COMPILER_GLOBAL_ACCENT_COLOR_NAME = AccentColor;
				CODE_SIGN_STYLE = Automatic;
				CURRENT_PROJECT_VERSION = 1;
				DEVELOPMENT_ASSET_PATHS = "\"SwiftConcurrencyLearning/Preview Content\"";
				DEVELOPMENT_TEAM = 8H99G6VBDV;
				ENABLE_PREVIEWS = YES;
				GENERATE_INFOPLIST_FILE = YES;
				INFOPLIST_KEY_UIApplicationSceneManifest_Generation = YES;
				INFOPLIST_KEY_UIApplicationSupportsIndirectInputEvents = YES;
				INFOPLIST_KEY_UILaunchScreen_Generation = YES;
				INFOPLIST_KEY_UISupportedInterfaceOrientations_iPad = "UIInterfaceOrientationPortrait UIInterfaceOrientationPortraitUpsideDown UIInterfaceOrientationLandscapeLeft UIInterfaceOrientationLandscapeRight";
				INFOPLIST_KEY_UISupportedInterfaceOrientations_iPhone = "UIInterfaceOrientationPortrait UIInterfaceOrientationLandscapeLeft UIInterfaceOrientationLandscapeRight";
				LD_RUNPATH_SEARCH_PATHS = (
					"$(inherited)",
					"@executable_path/Frameworks",
				);
				MARKETING_VERSION = 1.0;
				PRODUCT_BUNDLE_IDENTIFIER = com.stcodesapp.SwiftConcurrencyLearning;
				PRODUCT_NAME = "$(TARGET_NAME)";
				SWIFT_EMIT_LOC_STRINGS = YES;
				SWIFT_VERSION = 5.0;
				TARGETED_DEVICE_FAMILY = "1,2";
			};
			name = Release;
		};
/* End XCBuildConfiguration section */

/* Begin XCConfigurationList section */
		59AF08252A639D80008D262E /* Build configuration list for PBXProject "SwiftConcurrencyLearning" */ = {
			isa = XCConfigurationList;
			buildConfigurations = (
				59AF08362A639D81008D262E /* Debug */,
				59AF08372A639D81008D262E /* Release */,
			);
			defaultConfigurationIsVisible = 0;
			defaultConfigurationName = Release;
		};
		59AF08382A639D81008D262E /* Build configuration list for PBXNativeTarget "SwiftConcurrencyLearning" */ = {
			isa = XCConfigurationList;
			buildConfigurations = (
				59AF08392A639D81008D262E /* Debug */,
				59AF083A2A639D81008D262E /* Release */,
			);
			defaultConfigurationIsVisible = 0;
			defaultConfigurationName = Release;
		};
/* End XCConfigurationList section */
	};
	rootObject = 59AF08222A639D80008D262E /* Project object */;
}
