// !$*UTF8*$!
{
	archiveVersion = 1;
	classes = {
	};
	objectVersion = 56;
	objects = {

/* Begin PBXBuildFile section */
		5931C25D2A1C6D9C005E4A4C /* CoinModel.swift in Sources */ = {isa = PBXBuildFile; fileRef = 5931C25C2A1C6D9C005E4A4C /* CoinModel.swift */; };
		5942493E2A1DC3D1001C331B /* CoinDataFetchingTask.swift in Sources */ = {isa = PBXBuildFile; fileRef = 5942493D2A1DC3D1001C331B /* CoinDataFetchingTask.swift */; };
		594C91DA2A1F0E71002F87D4 /* NetworkManager.swift in Sources */ = {isa = PBXBuildFile; fileRef = 594C91D92A1F0E71002F87D4 /* NetworkManager.swift */; };
		594C91DD2A1FBB51002F87D4 /* CoinImageView.swift in Sources */ = {isa = PBXBuildFile; fileRef = 594C91DC2A1FBB51002F87D4 /* CoinImageView.swift */; };
		594C91DF2A1FBB60002F87D4 /* CoinImageViewModel.swift in Sources */ = {isa = PBXBuildFile; fileRef = 594C91DE2A1FBB60002F87D4 /* CoinImageViewModel.swift */; };
		59C431DD2A1B171F00705B1B /* SwiftCryptoApp.swift in Sources */ = {isa = PBXBuildFile; fileRef = 59C431DC2A1B171F00705B1B /* SwiftCryptoApp.swift */; };
		59C431DF2A1B171F00705B1B /* ContentView.swift in Sources */ = {isa = PBXBuildFile; fileRef = 59C431DE2A1B171F00705B1B /* ContentView.swift */; };
		59C431E42A1B172000705B1B /* Preview Assets.xcassets in Resources */ = {isa = PBXBuildFile; fileRef = 59C431E32A1B172000705B1B /* Preview Assets.xcassets */; };
		59C431EB2A1B253800705B1B /* Assets.xcassets in Resources */ = {isa = PBXBuildFile; fileRef = 59C431EA2A1B253800705B1B /* Assets.xcassets */; };
		59C431ED2A1B25F500705B1B /* Extensions.swift in Sources */ = {isa = PBXBuildFile; fileRef = 59C431EC2A1B25F500705B1B /* Extensions.swift */; };
		59C431F12A1B91E000705B1B /* HomeView.swift in Sources */ = {isa = PBXBuildFile; fileRef = 59C431F02A1B91E000705B1B /* HomeView.swift */; };
		59C431F32A1B91EC00705B1B /* HomeViewModel.swift in Sources */ = {isa = PBXBuildFile; fileRef = 59C431F22A1B91EC00705B1B /* HomeViewModel.swift */; };
		59C431F62A1B93D000705B1B /* CircleButtonView.swift in Sources */ = {isa = PBXBuildFile; fileRef = 59C431F52A1B93D000705B1B /* CircleButtonView.swift */; };
		59C431F82A1BC0CD00705B1B /* CircularButtonAnimationView.swift in Sources */ = {isa = PBXBuildFile; fileRef = 59C431F72A1BC0CD00705B1B /* CircularButtonAnimationView.swift */; };
		59EC67AE2A1D0EA800DD25FD /* CoinRowView.swift in Sources */ = {isa = PBXBuildFile; fileRef = 59EC67AD2A1D0EA800DD25FD /* CoinRowView.swift */; };
		59F069E02A205E370051A5A1 /* LocalFileManager.swift in Sources */ = {isa = PBXBuildFile; fileRef = 59F069DF2A205E370051A5A1 /* LocalFileManager.swift */; };
		59F069E22A206CF70051A5A1 /* SearchBarView.swift in Sources */ = {isa = PBXBuildFile; fileRef = 59F069E12A206CF70051A5A1 /* SearchBarView.swift */; };
		59F9427D2A20F5FC00700798 /* StatisticModel.swift in Sources */ = {isa = PBXBuildFile; fileRef = 59F9427C2A20F5FC00700798 /* StatisticModel.swift */; };
		59F9427F2A20F83F00700798 /* StatisticItemView.swift in Sources */ = {isa = PBXBuildFile; fileRef = 59F9427E2A20F83F00700798 /* StatisticItemView.swift */; };
		59F942812A20FBEC00700798 /* HomeStatsView.swift in Sources */ = {isa = PBXBuildFile; fileRef = 59F942802A20FBEC00700798 /* HomeStatsView.swift */; };
/* End PBXBuildFile section */

/* Begin PBXFileReference section */
		5931C25C2A1C6D9C005E4A4C /* CoinModel.swift */ = {isa = PBXFileReference; lastKnownFileType = sourcecode.swift; path = CoinModel.swift; sourceTree = "<group>"; };
		5942493D2A1DC3D1001C331B /* CoinDataFetchingTask.swift */ = {isa = PBXFileReference; lastKnownFileType = sourcecode.swift; path = CoinDataFetchingTask.swift; sourceTree = "<group>"; };
		594C91D92A1F0E71002F87D4 /* NetworkManager.swift */ = {isa = PBXFileReference; lastKnownFileType = sourcecode.swift; path = NetworkManager.swift; sourceTree = "<group>"; };
		594C91DC2A1FBB51002F87D4 /* CoinImageView.swift */ = {isa = PBXFileReference; lastKnownFileType = sourcecode.swift; path = CoinImageView.swift; sourceTree = "<group>"; };
		594C91DE2A1FBB60002F87D4 /* CoinImageViewModel.swift */ = {isa = PBXFileReference; lastKnownFileType = sourcecode.swift; path = CoinImageViewModel.swift; sourceTree = "<group>"; };
		59C431D92A1B171F00705B1B /* SwiftCrypto.app */ = {isa = PBXFileReference; explicitFileType = wrapper.application; includeInIndex = 0; path = SwiftCrypto.app; sourceTree = BUILT_PRODUCTS_DIR; };
		59C431DC2A1B171F00705B1B /* SwiftCryptoApp.swift */ = {isa = PBXFileReference; lastKnownFileType = sourcecode.swift; path = SwiftCryptoApp.swift; sourceTree = "<group>"; };
		59C431DE2A1B171F00705B1B /* ContentView.swift */ = {isa = PBXFileReference; lastKnownFileType = sourcecode.swift; path = ContentView.swift; sourceTree = "<group>"; };
		59C431E32A1B172000705B1B /* Preview Assets.xcassets */ = {isa = PBXFileReference; lastKnownFileType = folder.assetcatalog; path = "Preview Assets.xcassets"; sourceTree = "<group>"; };
		59C431EA2A1B253800705B1B /* Assets.xcassets */ = {isa = PBXFileReference; lastKnownFileType = folder.assetcatalog; name = Assets.xcassets; path = Resources/Assets.xcassets; sourceTree = SOURCE_ROOT; };
		59C431EC2A1B25F500705B1B /* Extensions.swift */ = {isa = PBXFileReference; lastKnownFileType = sourcecode.swift; path = Extensions.swift; sourceTree = "<group>"; };
		59C431F02A1B91E000705B1B /* HomeView.swift */ = {isa = PBXFileReference; lastKnownFileType = sourcecode.swift; path = HomeView.swift; sourceTree = "<group>"; };
		59C431F22A1B91EC00705B1B /* HomeViewModel.swift */ = {isa = PBXFileReference; lastKnownFileType = sourcecode.swift; path = HomeViewModel.swift; sourceTree = "<group>"; };
		59C431F52A1B93D000705B1B /* CircleButtonView.swift */ = {isa = PBXFileReference; lastKnownFileType = sourcecode.swift; path = CircleButtonView.swift; sourceTree = "<group>"; };
		59C431F72A1BC0CD00705B1B /* CircularButtonAnimationView.swift */ = {isa = PBXFileReference; lastKnownFileType = sourcecode.swift; path = CircularButtonAnimationView.swift; sourceTree = "<group>"; };
		59EC67AD2A1D0EA800DD25FD /* CoinRowView.swift */ = {isa = PBXFileReference; lastKnownFileType = sourcecode.swift; path = CoinRowView.swift; sourceTree = "<group>"; };
		59F069DF2A205E370051A5A1 /* LocalFileManager.swift */ = {isa = PBXFileReference; lastKnownFileType = sourcecode.swift; path = LocalFileManager.swift; sourceTree = "<group>"; };
		59F069E12A206CF70051A5A1 /* SearchBarView.swift */ = {isa = PBXFileReference; lastKnownFileType = sourcecode.swift; path = SearchBarView.swift; sourceTree = "<group>"; };
		59F9427C2A20F5FC00700798 /* StatisticModel.swift */ = {isa = PBXFileReference; lastKnownFileType = sourcecode.swift; path = StatisticModel.swift; sourceTree = "<group>"; };
		59F9427E2A20F83F00700798 /* StatisticItemView.swift */ = {isa = PBXFileReference; lastKnownFileType = sourcecode.swift; path = StatisticItemView.swift; sourceTree = "<group>"; };
		59F942802A20FBEC00700798 /* HomeStatsView.swift */ = {isa = PBXFileReference; lastKnownFileType = sourcecode.swift; path = HomeStatsView.swift; sourceTree = "<group>"; };
/* End PBXFileReference section */

/* Begin PBXFrameworksBuildPhase section */
		59C431D62A1B171F00705B1B /* Frameworks */ = {
			isa = PBXFrameworksBuildPhase;
			buildActionMask = 2147483647;
			files = (
			);
			runOnlyForDeploymentPostprocessing = 0;
		};
/* End PBXFrameworksBuildPhase section */

/* Begin PBXGroup section */
		5931C25B2A1C6D8F005E4A4C /* models */ = {
			isa = PBXGroup;
			children = (
				5931C25C2A1C6D9C005E4A4C /* CoinModel.swift */,
				59F9427C2A20F5FC00700798 /* StatisticModel.swift */,
			);
			path = models;
			sourceTree = "<group>";
		};
		5942493C2A1DC3BF001C331B /* tasks */ = {
			isa = PBXGroup;
			children = (
				5942493D2A1DC3D1001C331B /* CoinDataFetchingTask.swift */,
			);
			path = tasks;
			sourceTree = "<group>";
		};
		594C91D82A1F0E63002F87D4 /* utilities */ = {
			isa = PBXGroup;
			children = (
				594C91D92A1F0E71002F87D4 /* NetworkManager.swift */,
				59F069DF2A205E370051A5A1 /* LocalFileManager.swift */,
			);
			path = utilities;
			sourceTree = "<group>";
		};
		594C91DB2A1FBB42002F87D4 /* coinImage */ = {
			isa = PBXGroup;
			children = (
				594C91DC2A1FBB51002F87D4 /* CoinImageView.swift */,
				594C91DE2A1FBB60002F87D4 /* CoinImageViewModel.swift */,
			);
			path = coinImage;
			sourceTree = "<group>";
		};
		59C431D02A1B171F00705B1B = {
			isa = PBXGroup;
			children = (
				59C431DB2A1B171F00705B1B /* SwiftCrypto */,
				59C431DA2A1B171F00705B1B /* Products */,
			);
			sourceTree = "<group>";
		};
		59C431DA2A1B171F00705B1B /* Products */ = {
			isa = PBXGroup;
			children = (
				59C431D92A1B171F00705B1B /* SwiftCrypto.app */,
			);
			name = Products;
			sourceTree = "<group>";
		};
		59C431DB2A1B171F00705B1B /* SwiftCrypto */ = {
			isa = PBXGroup;
			children = (
				594C91D82A1F0E63002F87D4 /* utilities */,
				5931C25B2A1C6D8F005E4A4C /* models */,
				5942493C2A1DC3BF001C331B /* tasks */,
				59C431EE2A1B91CD00705B1B /* ui */,
				59C431DC2A1B171F00705B1B /* SwiftCryptoApp.swift */,
				59C431DE2A1B171F00705B1B /* ContentView.swift */,
				59C431EA2A1B253800705B1B /* Assets.xcassets */,
				59C431E22A1B172000705B1B /* Preview Content */,
				59C431EC2A1B25F500705B1B /* Extensions.swift */,
			);
			path = SwiftCrypto;
			sourceTree = "<group>";
		};
		59C431E22A1B172000705B1B /* Preview Content */ = {
			isa = PBXGroup;
			children = (
				59C431E32A1B172000705B1B /* Preview Assets.xcassets */,
			);
			path = "Preview Content";
			sourceTree = "<group>";
		};
		59C431EE2A1B91CD00705B1B /* ui */ = {
			isa = PBXGroup;
			children = (
				59C431F42A1B93B600705B1B /* customView */,
				59C431EF2A1B91D300705B1B /* home */,
			);
			path = ui;
			sourceTree = "<group>";
		};
		59C431EF2A1B91D300705B1B /* home */ = {
			isa = PBXGroup;
			children = (
				59EC67AC2A1D0E9A00DD25FD /* components */,
				59C431F02A1B91E000705B1B /* HomeView.swift */,
				59C431F22A1B91EC00705B1B /* HomeViewModel.swift */,
			);
			path = home;
			sourceTree = "<group>";
		};
		59C431F42A1B93B600705B1B /* customView */ = {
			isa = PBXGroup;
			children = (
				59C431F52A1B93D000705B1B /* CircleButtonView.swift */,
				59C431F72A1BC0CD00705B1B /* CircularButtonAnimationView.swift */,
			);
			path = customView;
			sourceTree = "<group>";
		};
		59EC67AC2A1D0E9A00DD25FD /* components */ = {
			isa = PBXGroup;
			children = (
				594C91DB2A1FBB42002F87D4 /* coinImage */,
				59EC67AD2A1D0EA800DD25FD /* CoinRowView.swift */,
				59F069E12A206CF70051A5A1 /* SearchBarView.swift */,
				59F9427E2A20F83F00700798 /* StatisticItemView.swift */,
				59F942802A20FBEC00700798 /* HomeStatsView.swift */,
			);
			path = components;
			sourceTree = "<group>";
		};
/* End PBXGroup section */

/* Begin PBXNativeTarget section */
		59C431D82A1B171F00705B1B /* SwiftCrypto */ = {
			isa = PBXNativeTarget;
			buildConfigurationList = 59C431E72A1B172000705B1B /* Build configuration list for PBXNativeTarget "SwiftCrypto" */;
			buildPhases = (
				59C431D52A1B171F00705B1B /* Sources */,
				59C431D62A1B171F00705B1B /* Frameworks */,
				59C431D72A1B171F00705B1B /* Resources */,
			);
			buildRules = (
			);
			dependencies = (
			);
			name = SwiftCrypto;
			productName = SwiftCrypto;
			productReference = 59C431D92A1B171F00705B1B /* SwiftCrypto.app */;
			productType = "com.apple.product-type.application";
		};
/* End PBXNativeTarget section */

/* Begin PBXProject section */
		59C431D12A1B171F00705B1B /* Project object */ = {
			isa = PBXProject;
			attributes = {
				BuildIndependentTargetsInParallel = 1;
				LastSwiftUpdateCheck = 1400;
				LastUpgradeCheck = 1400;
				TargetAttributes = {
					59C431D82A1B171F00705B1B = {
						CreatedOnToolsVersion = 14.0;
					};
				};
			};
			buildConfigurationList = 59C431D42A1B171F00705B1B /* Build configuration list for PBXProject "SwiftCrypto" */;
			compatibilityVersion = "Xcode 14.0";
			developmentRegion = en;
			hasScannedForEncodings = 0;
			knownRegions = (
				en,
				Base,
			);
			mainGroup = 59C431D02A1B171F00705B1B;
			productRefGroup = 59C431DA2A1B171F00705B1B /* Products */;
			projectDirPath = "";
			projectRoot = "";
			targets = (
				59C431D82A1B171F00705B1B /* SwiftCrypto */,
			);
		};
/* End PBXProject section */

/* Begin PBXResourcesBuildPhase section */
		59C431D72A1B171F00705B1B /* Resources */ = {
			isa = PBXResourcesBuildPhase;
			buildActionMask = 2147483647;
			files = (
				59C431E42A1B172000705B1B /* Preview Assets.xcassets in Resources */,
				59C431EB2A1B253800705B1B /* Assets.xcassets in Resources */,
			);
			runOnlyForDeploymentPostprocessing = 0;
		};
/* End PBXResourcesBuildPhase section */

/* Begin PBXSourcesBuildPhase section */
		59C431D52A1B171F00705B1B /* Sources */ = {
			isa = PBXSourcesBuildPhase;
			buildActionMask = 2147483647;
			files = (
				59EC67AE2A1D0EA800DD25FD /* CoinRowView.swift in Sources */,
				5942493E2A1DC3D1001C331B /* CoinDataFetchingTask.swift in Sources */,
				59C431F62A1B93D000705B1B /* CircleButtonView.swift in Sources */,
				59C431F82A1BC0CD00705B1B /* CircularButtonAnimationView.swift in Sources */,
				594C91DA2A1F0E71002F87D4 /* NetworkManager.swift in Sources */,
				594C91DD2A1FBB51002F87D4 /* CoinImageView.swift in Sources */,
				59C431DF2A1B171F00705B1B /* ContentView.swift in Sources */,
				59C431F12A1B91E000705B1B /* HomeView.swift in Sources */,
				59F9427D2A20F5FC00700798 /* StatisticModel.swift in Sources */,
				5931C25D2A1C6D9C005E4A4C /* CoinModel.swift in Sources */,
				59C431ED2A1B25F500705B1B /* Extensions.swift in Sources */,
				59F942812A20FBEC00700798 /* HomeStatsView.swift in Sources */,
				59F069E22A206CF70051A5A1 /* SearchBarView.swift in Sources */,
				59C431F32A1B91EC00705B1B /* HomeViewModel.swift in Sources */,
				59C431DD2A1B171F00705B1B /* SwiftCryptoApp.swift in Sources */,
				594C91DF2A1FBB60002F87D4 /* CoinImageViewModel.swift in Sources */,
				59F9427F2A20F83F00700798 /* StatisticItemView.swift in Sources */,
				59F069E02A205E370051A5A1 /* LocalFileManager.swift in Sources */,
			);
			runOnlyForDeploymentPostprocessing = 0;
		};
/* End PBXSourcesBuildPhase section */

/* Begin XCBuildConfiguration section */
		59C431E52A1B172000705B1B /* Debug */ = {
			isa = XCBuildConfiguration;
			buildSettings = {
				ALWAYS_SEARCH_USER_PATHS = NO;
				CLANG_ANALYZER_NONNULL = YES;
				CLANG_ANALYZER_NUMBER_OBJECT_CONVERSION = YES_AGGRESSIVE;
				CLANG_CXX_LANGUAGE_STANDARD = "gnu++20";
				CLANG_ENABLE_MODULES = YES;
				CLANG_ENABLE_OBJC_ARC = YES;
				CLANG_ENABLE_OBJC_WEAK = YES;
				CLANG_WARN_BLOCK_CAPTURE_AUTORELEASING = YES;
				CLANG_WARN_BOOL_CONVERSION = YES;
				CLANG_WARN_COMMA = YES;
				CLANG_WARN_CONSTANT_CONVERSION = YES;
				CLANG_WARN_DEPRECATED_OBJC_IMPLEMENTATIONS = YES;
				CLANG_WARN_DIRECT_OBJC_ISA_USAGE = YES_ERROR;
				CLANG_WARN_DOCUMENTATION_COMMENTS = YES;
				CLANG_WARN_EMPTY_BODY = YES;
				CLANG_WARN_ENUM_CONVERSION = YES;
				CLANG_WARN_INFINITE_RECURSION = YES;
				CLANG_WARN_INT_CONVERSION = YES;
				CLANG_WARN_NON_LITERAL_NULL_CONVERSION = YES;
				CLANG_WARN_OBJC_IMPLICIT_RETAIN_SELF = YES;
				CLANG_WARN_OBJC_LITERAL_CONVERSION = YES;
				CLANG_WARN_OBJC_ROOT_CLASS = YES_ERROR;
				CLANG_WARN_QUOTED_INCLUDE_IN_FRAMEWORK_HEADER = YES;
				CLANG_WARN_RANGE_LOOP_ANALYSIS = YES;
				CLANG_WARN_STRICT_PROTOTYPES = YES;
				CLANG_WARN_SUSPICIOUS_MOVE = YES;
				CLANG_WARN_UNGUARDED_AVAILABILITY = YES_AGGRESSIVE;
				CLANG_WARN_UNREACHABLE_CODE = YES;
				CLANG_WARN__DUPLICATE_METHOD_MATCH = YES;
				COPY_PHASE_STRIP = NO;
				DEBUG_INFORMATION_FORMAT = dwarf;
				ENABLE_STRICT_OBJC_MSGSEND = YES;
				ENABLE_TESTABILITY = YES;
				GCC_C_LANGUAGE_STANDARD = gnu11;
				GCC_DYNAMIC_NO_PIC = NO;
				GCC_NO_COMMON_BLOCKS = YES;
				GCC_OPTIMIZATION_LEVEL = 0;
				GCC_PREPROCESSOR_DEFINITIONS = (
					"DEBUG=1",
					"$(inherited)",
				);
				GCC_WARN_64_TO_32_BIT_CONVERSION = YES;
				GCC_WARN_ABOUT_RETURN_TYPE = YES_ERROR;
				GCC_WARN_UNDECLARED_SELECTOR = YES;
				GCC_WARN_UNINITIALIZED_AUTOS = YES_AGGRESSIVE;
				GCC_WARN_UNUSED_FUNCTION = YES;
				GCC_WARN_UNUSED_VARIABLE = YES;
				IPHONEOS_DEPLOYMENT_TARGET = 16.0;
				MTL_ENABLE_DEBUG_INFO = INCLUDE_SOURCE;
				MTL_FAST_MATH = YES;
				ONLY_ACTIVE_ARCH = YES;
				SDKROOT = iphoneos;
				SWIFT_ACTIVE_COMPILATION_CONDITIONS = DEBUG;
				SWIFT_OPTIMIZATION_LEVEL = "-Onone";
			};
			name = Debug;
		};
		59C431E62A1B172000705B1B /* Release */ = {
			isa = XCBuildConfiguration;
			buildSettings = {
				ALWAYS_SEARCH_USER_PATHS = NO;
				CLANG_ANALYZER_NONNULL = YES;
				CLANG_ANALYZER_NUMBER_OBJECT_CONVERSION = YES_AGGRESSIVE;
				CLANG_CXX_LANGUAGE_STANDARD = "gnu++20";
				CLANG_ENABLE_MODULES = YES;
				CLANG_ENABLE_OBJC_ARC = YES;
				CLANG_ENABLE_OBJC_WEAK = YES;
				CLANG_WARN_BLOCK_CAPTURE_AUTORELEASING = YES;
				CLANG_WARN_BOOL_CONVERSION = YES;
				CLANG_WARN_COMMA = YES;
				CLANG_WARN_CONSTANT_CONVERSION = YES;
				CLANG_WARN_DEPRECATED_OBJC_IMPLEMENTATIONS = YES;
				CLANG_WARN_DIRECT_OBJC_ISA_USAGE = YES_ERROR;
				CLANG_WARN_DOCUMENTATION_COMMENTS = YES;
				CLANG_WARN_EMPTY_BODY = YES;
				CLANG_WARN_ENUM_CONVERSION = YES;
				CLANG_WARN_INFINITE_RECURSION = YES;
				CLANG_WARN_INT_CONVERSION = YES;
				CLANG_WARN_NON_LITERAL_NULL_CONVERSION = YES;
				CLANG_WARN_OBJC_IMPLICIT_RETAIN_SELF = YES;
				CLANG_WARN_OBJC_LITERAL_CONVERSION = YES;
				CLANG_WARN_OBJC_ROOT_CLASS = YES_ERROR;
				CLANG_WARN_QUOTED_INCLUDE_IN_FRAMEWORK_HEADER = YES;
				CLANG_WARN_RANGE_LOOP_ANALYSIS = YES;
				CLANG_WARN_STRICT_PROTOTYPES = YES;
				CLANG_WARN_SUSPICIOUS_MOVE = YES;
				CLANG_WARN_UNGUARDED_AVAILABILITY = YES_AGGRESSIVE;
				CLANG_WARN_UNREACHABLE_CODE = YES;
				CLANG_WARN__DUPLICATE_METHOD_MATCH = YES;
				COPY_PHASE_STRIP = NO;
				DEBUG_INFORMATION_FORMAT = "dwarf-with-dsym";
				ENABLE_NS_ASSERTIONS = NO;
				ENABLE_STRICT_OBJC_MSGSEND = YES;
				GCC_C_LANGUAGE_STANDARD = gnu11;
				GCC_NO_COMMON_BLOCKS = YES;
				GCC_WARN_64_TO_32_BIT_CONVERSION = YES;
				GCC_WARN_ABOUT_RETURN_TYPE = YES_ERROR;
				GCC_WARN_UNDECLARED_SELECTOR = YES;
				GCC_WARN_UNINITIALIZED_AUTOS = YES_AGGRESSIVE;
				GCC_WARN_UNUSED_FUNCTION = YES;
				GCC_WARN_UNUSED_VARIABLE = YES;
				IPHONEOS_DEPLOYMENT_TARGET = 16.0;
				MTL_ENABLE_DEBUG_INFO = NO;
				MTL_FAST_MATH = YES;
				SDKROOT = iphoneos;
				SWIFT_COMPILATION_MODE = wholemodule;
				SWIFT_OPTIMIZATION_LEVEL = "-O";
				VALIDATE_PRODUCT = YES;
			};
			name = Release;
		};
		59C431E82A1B172000705B1B /* Debug */ = {
			isa = XCBuildConfiguration;
			buildSettings = {
				ASSETCATALOG_COMPILER_APPICON_NAME = AppIcon;
				ASSETCATALOG_COMPILER_GLOBAL_ACCENT_COLOR_NAME = AccentColor;
				CODE_SIGN_STYLE = Automatic;
				CURRENT_PROJECT_VERSION = 1;
				DEVELOPMENT_ASSET_PATHS = "\"SwiftCrypto/Preview Content\"";
				DEVELOPMENT_TEAM = 8H99G6VBDV;
				ENABLE_PREVIEWS = YES;
				GENERATE_INFOPLIST_FILE = YES;
				INFOPLIST_KEY_UIApplicationSceneManifest_Generation = YES;
				INFOPLIST_KEY_UIApplicationSupportsIndirectInputEvents = YES;
				INFOPLIST_KEY_UILaunchScreen_Generation = YES;
				INFOPLIST_KEY_UISupportedInterfaceOrientations_iPad = "UIInterfaceOrientationPortrait UIInterfaceOrientationPortraitUpsideDown UIInterfaceOrientationLandscapeLeft UIInterfaceOrientationLandscapeRight";
				INFOPLIST_KEY_UISupportedInterfaceOrientations_iPhone = "UIInterfaceOrientationPortrait UIInterfaceOrientationLandscapeLeft UIInterfaceOrientationLandscapeRight";
				LD_RUNPATH_SEARCH_PATHS = (
					"$(inherited)",
					"@executable_path/Frameworks",
				);
				MARKETING_VERSION = 1.0;
				PRODUCT_BUNDLE_IDENTIFIER = com.stcodesapp.SwiftCrypto;
				PRODUCT_NAME = "$(TARGET_NAME)";
				SWIFT_EMIT_LOC_STRINGS = YES;
				SWIFT_VERSION = 5.0;
				TARGETED_DEVICE_FAMILY = "1,2";
			};
			name = Debug;
		};
		59C431E92A1B172000705B1B /* Release */ = {
			isa = XCBuildConfiguration;
			buildSettings = {
				ASSETCATALOG_COMPILER_APPICON_NAME = AppIcon;
				ASSETCATALOG_COMPILER_GLOBAL_ACCENT_COLOR_NAME = AccentColor;
				CODE_SIGN_STYLE = Automatic;
				CURRENT_PROJECT_VERSION = 1;
				DEVELOPMENT_ASSET_PATHS = "\"SwiftCrypto/Preview Content\"";
				DEVELOPMENT_TEAM = 8H99G6VBDV;
				ENABLE_PREVIEWS = YES;
				GENERATE_INFOPLIST_FILE = YES;
				INFOPLIST_KEY_UIApplicationSceneManifest_Generation = YES;
				INFOPLIST_KEY_UIApplicationSupportsIndirectInputEvents = YES;
				INFOPLIST_KEY_UILaunchScreen_Generation = YES;
				INFOPLIST_KEY_UISupportedInterfaceOrientations_iPad = "UIInterfaceOrientationPortrait UIInterfaceOrientationPortraitUpsideDown UIInterfaceOrientationLandscapeLeft UIInterfaceOrientationLandscapeRight";
				INFOPLIST_KEY_UISupportedInterfaceOrientations_iPhone = "UIInterfaceOrientationPortrait UIInterfaceOrientationLandscapeLeft UIInterfaceOrientationLandscapeRight";
				LD_RUNPATH_SEARCH_PATHS = (
					"$(inherited)",
					"@executable_path/Frameworks",
				);
				MARKETING_VERSION = 1.0;
				PRODUCT_BUNDLE_IDENTIFIER = com.stcodesapp.SwiftCrypto;
				PRODUCT_NAME = "$(TARGET_NAME)";
				SWIFT_EMIT_LOC_STRINGS = YES;
				SWIFT_VERSION = 5.0;
				TARGETED_DEVICE_FAMILY = "1,2";
			};
			name = Release;
		};
/* End XCBuildConfiguration section */

/* Begin XCConfigurationList section */
		59C431D42A1B171F00705B1B /* Build configuration list for PBXProject "SwiftCrypto" */ = {
			isa = XCConfigurationList;
			buildConfigurations = (
				59C431E52A1B172000705B1B /* Debug */,
				59C431E62A1B172000705B1B /* Release */,
			);
			defaultConfigurationIsVisible = 0;
			defaultConfigurationName = Release;
		};
		59C431E72A1B172000705B1B /* Build configuration list for PBXNativeTarget "SwiftCrypto" */ = {
			isa = XCConfigurationList;
			buildConfigurations = (
				59C431E82A1B172000705B1B /* Debug */,
				59C431E92A1B172000705B1B /* Release */,
			);
			defaultConfigurationIsVisible = 0;
			defaultConfigurationName = Release;
		};
/* End XCConfigurationList section */
	};
	rootObject = 59C431D12A1B171F00705B1B /* Project object */;
}
