// !$*UTF8*$!
{
	archiveVersion = 1;
	classes = {
	};
	objectVersion = 56;
	objects = {

/* Begin PBXBuildFile section */
		5925218129CA8A540044AE3C /* SpacerSwiftUI.swift in Sources */ = {isa = PBXBuildFile; fileRef = 5925218029CA8A540044AE3C /* SpacerSwiftUI.swift */; };
		5925218329CA8D7C0044AE3C /* SwiftUIInitializer.swift in Sources */ = {isa = PBXBuildFile; fileRef = 5925218229CA8D7C0044AE3C /* SwiftUIInitializer.swift */; };
		5959EF1C29D0024300E16E37 /* SwiftUISheets.swift in Sources */ = {isa = PBXBuildFile; fileRef = 5959EF1B29D0024300E16E37 /* SwiftUISheets.swift */; };
		5959EF1E29D0075600E16E37 /* SwiftUIPopOver.swift in Sources */ = {isa = PBXBuildFile; fileRef = 5959EF1D29D0075600E16E37 /* SwiftUIPopOver.swift */; };
		5959EF2029D00A1B00E16E37 /* SwiftUIPopOver2.swift in Sources */ = {isa = PBXBuildFile; fileRef = 5959EF1F29D00A1B00E16E37 /* SwiftUIPopOver2.swift */; };
		5959EF2229D00F2B00E16E37 /* SwiftUINavigation.swift in Sources */ = {isa = PBXBuildFile; fileRef = 5959EF2129D00F2B00E16E37 /* SwiftUINavigation.swift */; };
		5959EF2429D01E1600E16E37 /* SwiftUIList.swift in Sources */ = {isa = PBXBuildFile; fileRef = 5959EF2329D01E1600E16E37 /* SwiftUIList.swift */; };
		59AEF9E329D03C7800385384 /* SwiftUIAlert.swift in Sources */ = {isa = PBXBuildFile; fileRef = 59AEF9E229D03C7800385384 /* SwiftUIAlert.swift */; };
		59AEF9E529D0414600385384 /* SwiftUIActionSheet.swift in Sources */ = {isa = PBXBuildFile; fileRef = 59AEF9E429D0414600385384 /* SwiftUIActionSheet.swift */; };
		59AEF9E729D046FF00385384 /* SwiftUIContextMenu.swift in Sources */ = {isa = PBXBuildFile; fileRef = 59AEF9E629D046FF00385384 /* SwiftUIContextMenu.swift */; };
		59AEF9E929D04A6900385384 /* SwuftUITextField.swift in Sources */ = {isa = PBXBuildFile; fileRef = 59AEF9E829D04A6900385384 /* SwuftUITextField.swift */; };
		59B61F4D29CEEBA7001FF8C8 /* SwiftUIExtractingSubViews.swift in Sources */ = {isa = PBXBuildFile; fileRef = 59B61F4C29CEEBA7001FF8C8 /* SwiftUIExtractingSubViews.swift */; };
		59B61F4F29CEF381001FF8C8 /* SwiftUIBinding.swift in Sources */ = {isa = PBXBuildFile; fileRef = 59B61F4E29CEF381001FF8C8 /* SwiftUIBinding.swift */; };
		59B61F5129CEF734001FF8C8 /* SwiftUIConditional.swift in Sources */ = {isa = PBXBuildFile; fileRef = 59B61F5029CEF734001FF8C8 /* SwiftUIConditional.swift */; };
		59B61F5329CEFC07001FF8C8 /* SwiftUIAnimation.swift in Sources */ = {isa = PBXBuildFile; fileRef = 59B61F5229CEFC07001FF8C8 /* SwiftUIAnimation.swift */; };
		59B61F5529CF021D001FF8C8 /* SwiftUITransition.swift in Sources */ = {isa = PBXBuildFile; fileRef = 59B61F5429CF021D001FF8C8 /* SwiftUITransition.swift */; };
		59C1E5D129CB5746004F64D9 /* ForEachSwitfUI.swift in Sources */ = {isa = PBXBuildFile; fileRef = 59C1E5D029CB5746004F64D9 /* ForEachSwitfUI.swift */; };
		59C1E5D329CB5B6E004F64D9 /* ScrollViewSwiftUI.swift in Sources */ = {isa = PBXBuildFile; fileRef = 59C1E5D229CB5B6E004F64D9 /* ScrollViewSwiftUI.swift */; };
		59C1E5D729CB5F8D004F64D9 /* ScrollViewSwiftUI2.swift in Sources */ = {isa = PBXBuildFile; fileRef = 59C1E5D629CB5F8D004F64D9 /* ScrollViewSwiftUI2.swift */; };
		59C1E5D929CB6E8A004F64D9 /* GridSwiftUI.swift in Sources */ = {isa = PBXBuildFile; fileRef = 59C1E5D829CB6E8A004F64D9 /* GridSwiftUI.swift */; };
		59CC114D29C74A8F00FD65BA /* SwiftUITextApp.swift in Sources */ = {isa = PBXBuildFile; fileRef = 59CC114C29C74A8F00FD65BA /* SwiftUITextApp.swift */; };
		59CC114F29C74A8F00FD65BA /* ContentView.swift in Sources */ = {isa = PBXBuildFile; fileRef = 59CC114E29C74A8F00FD65BA /* ContentView.swift */; };
		59CC115129C74A9000FD65BA /* Assets.xcassets in Resources */ = {isa = PBXBuildFile; fileRef = 59CC115029C74A9000FD65BA /* Assets.xcassets */; };
		59CC115429C74A9000FD65BA /* Preview Assets.xcassets in Resources */ = {isa = PBXBuildFile; fileRef = 59CC115329C74A9000FD65BA /* Preview Assets.xcassets */; };
		59CC115E29C74A9000FD65BA /* SwiftUITextTests.swift in Sources */ = {isa = PBXBuildFile; fileRef = 59CC115D29C74A9000FD65BA /* SwiftUITextTests.swift */; };
		59CC116829C74A9000FD65BA /* SwiftUITextUITests.swift in Sources */ = {isa = PBXBuildFile; fileRef = 59CC116729C74A9000FD65BA /* SwiftUITextUITests.swift */; };
		59CC116A29C74A9000FD65BA /* SwiftUITextUITestsLaunchTests.swift in Sources */ = {isa = PBXBuildFile; fileRef = 59CC116929C74A9000FD65BA /* SwiftUITextUITestsLaunchTests.swift */; };
		59CC117729C74DF800FD65BA /* Shapes.swift in Sources */ = {isa = PBXBuildFile; fileRef = 59CC117629C74DF800FD65BA /* Shapes.swift */; };
		59CC117929C7656600FD65BA /* Colors.swift in Sources */ = {isa = PBXBuildFile; fileRef = 59CC117829C7656600FD65BA /* Colors.swift */; };
		59CC117B29C76B9F00FD65BA /* Gradient.swift in Sources */ = {isa = PBXBuildFile; fileRef = 59CC117A29C76B9F00FD65BA /* Gradient.swift */; };
		59CC117D29C770D900FD65BA /* Icon_SystemIcons.swift in Sources */ = {isa = PBXBuildFile; fileRef = 59CC117C29C770D900FD65BA /* Icon_SystemIcons.swift */; };
		59CC117F29C7858A00FD65BA /* SwiftUI_Images.swift in Sources */ = {isa = PBXBuildFile; fileRef = 59CC117E29C7858A00FD65BA /* SwiftUI_Images.swift */; };
		59EF78D029CA04DB0051ACF6 /* SwiftUIFrame.swift in Sources */ = {isa = PBXBuildFile; fileRef = 59EF78CF29CA04DB0051ACF6 /* SwiftUIFrame.swift */; };
		59EF78D229CA08810051ACF6 /* BackgroundAndOverlaySwitfUI.swift in Sources */ = {isa = PBXBuildFile; fileRef = 59EF78D129CA08810051ACF6 /* BackgroundAndOverlaySwitfUI.swift */; };
		59EF78D429CA1C9E0051ACF6 /* SwiftUIStacks.swift in Sources */ = {isa = PBXBuildFile; fileRef = 59EF78D329CA1C9E0051ACF6 /* SwiftUIStacks.swift */; };
		59EF78D629CA219F0051ACF6 /* MICard.swift in Sources */ = {isa = PBXBuildFile; fileRef = 59EF78D529CA219F0051ACF6 /* MICard.swift */; };
		59F0451829CEAA3100EF4EA9 /* GridSwiftUIWithTop.swift in Sources */ = {isa = PBXBuildFile; fileRef = 59F0451729CEAA3100EF4EA9 /* GridSwiftUIWithTop.swift */; };
		59F0451A29CEAE2900EF4EA9 /* GridSwiftUIWithSection.swift in Sources */ = {isa = PBXBuildFile; fileRef = 59F0451929CEAE2900EF4EA9 /* GridSwiftUIWithSection.swift */; };
		59F0451C29CEB58700EF4EA9 /* SafeAreaSwiftUI.swift in Sources */ = {isa = PBXBuildFile; fileRef = 59F0451B29CEB58700EF4EA9 /* SafeAreaSwiftUI.swift */; };
		59F0451E29CEB7F400EF4EA9 /* SwiftUIButton.swift in Sources */ = {isa = PBXBuildFile; fileRef = 59F0451D29CEB7F400EF4EA9 /* SwiftUIButton.swift */; };
		59F0452029CEBF3F00EF4EA9 /* SwiftUIState.swift in Sources */ = {isa = PBXBuildFile; fileRef = 59F0451F29CEBF3F00EF4EA9 /* SwiftUIState.swift */; };
/* End PBXBuildFile section */

/* Begin PBXContainerItemProxy section */
		59CC115A29C74A9000FD65BA /* PBXContainerItemProxy */ = {
			isa = PBXContainerItemProxy;
			containerPortal = 59CC114129C74A8F00FD65BA /* Project object */;
			proxyType = 1;
			remoteGlobalIDString = 59CC114829C74A8F00FD65BA;
			remoteInfo = SwiftUIText;
		};
		59CC116429C74A9000FD65BA /* PBXContainerItemProxy */ = {
			isa = PBXContainerItemProxy;
			containerPortal = 59CC114129C74A8F00FD65BA /* Project object */;
			proxyType = 1;
			remoteGlobalIDString = 59CC114829C74A8F00FD65BA;
			remoteInfo = SwiftUIText;
		};
/* End PBXContainerItemProxy section */

/* Begin PBXFileReference section */
		5925218029CA8A540044AE3C /* SpacerSwiftUI.swift */ = {isa = PBXFileReference; lastKnownFileType = sourcecode.swift; path = SpacerSwiftUI.swift; sourceTree = "<group>"; };
		5925218229CA8D7C0044AE3C /* SwiftUIInitializer.swift */ = {isa = PBXFileReference; lastKnownFileType = sourcecode.swift; path = SwiftUIInitializer.swift; sourceTree = "<group>"; };
		5959EF1B29D0024300E16E37 /* SwiftUISheets.swift */ = {isa = PBXFileReference; lastKnownFileType = sourcecode.swift; path = SwiftUISheets.swift; sourceTree = "<group>"; };
		5959EF1D29D0075600E16E37 /* SwiftUIPopOver.swift */ = {isa = PBXFileReference; lastKnownFileType = sourcecode.swift; path = SwiftUIPopOver.swift; sourceTree = "<group>"; };
		5959EF1F29D00A1B00E16E37 /* SwiftUIPopOver2.swift */ = {isa = PBXFileReference; lastKnownFileType = sourcecode.swift; path = SwiftUIPopOver2.swift; sourceTree = "<group>"; };
		5959EF2129D00F2B00E16E37 /* SwiftUINavigation.swift */ = {isa = PBXFileReference; lastKnownFileType = sourcecode.swift; path = SwiftUINavigation.swift; sourceTree = "<group>"; };
		5959EF2329D01E1600E16E37 /* SwiftUIList.swift */ = {isa = PBXFileReference; lastKnownFileType = sourcecode.swift; path = SwiftUIList.swift; sourceTree = "<group>"; };
		59AEF9E229D03C7800385384 /* SwiftUIAlert.swift */ = {isa = PBXFileReference; lastKnownFileType = sourcecode.swift; path = SwiftUIAlert.swift; sourceTree = "<group>"; };
		59AEF9E429D0414600385384 /* SwiftUIActionSheet.swift */ = {isa = PBXFileReference; lastKnownFileType = sourcecode.swift; path = SwiftUIActionSheet.swift; sourceTree = "<group>"; };
		59AEF9E629D046FF00385384 /* SwiftUIContextMenu.swift */ = {isa = PBXFileReference; lastKnownFileType = sourcecode.swift; path = SwiftUIContextMenu.swift; sourceTree = "<group>"; };
		59AEF9E829D04A6900385384 /* SwuftUITextField.swift */ = {isa = PBXFileReference; lastKnownFileType = sourcecode.swift; path = SwuftUITextField.swift; sourceTree = "<group>"; };
		59B61F4C29CEEBA7001FF8C8 /* SwiftUIExtractingSubViews.swift */ = {isa = PBXFileReference; lastKnownFileType = sourcecode.swift; path = SwiftUIExtractingSubViews.swift; sourceTree = "<group>"; };
		59B61F4E29CEF381001FF8C8 /* SwiftUIBinding.swift */ = {isa = PBXFileReference; lastKnownFileType = sourcecode.swift; path = SwiftUIBinding.swift; sourceTree = "<group>"; };
		59B61F5029CEF734001FF8C8 /* SwiftUIConditional.swift */ = {isa = PBXFileReference; lastKnownFileType = sourcecode.swift; path = SwiftUIConditional.swift; sourceTree = "<group>"; };
		59B61F5229CEFC07001FF8C8 /* SwiftUIAnimation.swift */ = {isa = PBXFileReference; lastKnownFileType = sourcecode.swift; path = SwiftUIAnimation.swift; sourceTree = "<group>"; };
		59B61F5429CF021D001FF8C8 /* SwiftUITransition.swift */ = {isa = PBXFileReference; lastKnownFileType = sourcecode.swift; path = SwiftUITransition.swift; sourceTree = "<group>"; };
		59C1E5D029CB5746004F64D9 /* ForEachSwitfUI.swift */ = {isa = PBXFileReference; lastKnownFileType = sourcecode.swift; path = ForEachSwitfUI.swift; sourceTree = "<group>"; };
		59C1E5D229CB5B6E004F64D9 /* ScrollViewSwiftUI.swift */ = {isa = PBXFileReference; lastKnownFileType = sourcecode.swift; path = ScrollViewSwiftUI.swift; sourceTree = "<group>"; };
		59C1E5D629CB5F8D004F64D9 /* ScrollViewSwiftUI2.swift */ = {isa = PBXFileReference; lastKnownFileType = sourcecode.swift; path = ScrollViewSwiftUI2.swift; sourceTree = "<group>"; };
		59C1E5D829CB6E8A004F64D9 /* GridSwiftUI.swift */ = {isa = PBXFileReference; lastKnownFileType = sourcecode.swift; path = GridSwiftUI.swift; sourceTree = "<group>"; };
		59CC114929C74A8F00FD65BA /* SwiftUIText.app */ = {isa = PBXFileReference; explicitFileType = wrapper.application; includeInIndex = 0; path = SwiftUIText.app; sourceTree = BUILT_PRODUCTS_DIR; };
		59CC114C29C74A8F00FD65BA /* SwiftUITextApp.swift */ = {isa = PBXFileReference; lastKnownFileType = sourcecode.swift; path = SwiftUITextApp.swift; sourceTree = "<group>"; };
		59CC114E29C74A8F00FD65BA /* ContentView.swift */ = {isa = PBXFileReference; lastKnownFileType = sourcecode.swift; path = ContentView.swift; sourceTree = "<group>"; };
		59CC115029C74A9000FD65BA /* Assets.xcassets */ = {isa = PBXFileReference; lastKnownFileType = folder.assetcatalog; path = Assets.xcassets; sourceTree = "<group>"; };
		59CC115329C74A9000FD65BA /* Preview Assets.xcassets */ = {isa = PBXFileReference; lastKnownFileType = folder.assetcatalog; path = "Preview Assets.xcassets"; sourceTree = "<group>"; };
		59CC115929C74A9000FD65BA /* SwiftUITextTests.xctest */ = {isa = PBXFileReference; explicitFileType = wrapper.cfbundle; includeInIndex = 0; path = SwiftUITextTests.xctest; sourceTree = BUILT_PRODUCTS_DIR; };
		59CC115D29C74A9000FD65BA /* SwiftUITextTests.swift */ = {isa = PBXFileReference; lastKnownFileType = sourcecode.swift; path = SwiftUITextTests.swift; sourceTree = "<group>"; };
		59CC116329C74A9000FD65BA /* SwiftUITextUITests.xctest */ = {isa = PBXFileReference; explicitFileType = wrapper.cfbundle; includeInIndex = 0; path = SwiftUITextUITests.xctest; sourceTree = BUILT_PRODUCTS_DIR; };
		59CC116729C74A9000FD65BA /* SwiftUITextUITests.swift */ = {isa = PBXFileReference; lastKnownFileType = sourcecode.swift; path = SwiftUITextUITests.swift; sourceTree = "<group>"; };
		59CC116929C74A9000FD65BA /* SwiftUITextUITestsLaunchTests.swift */ = {isa = PBXFileReference; lastKnownFileType = sourcecode.swift; path = SwiftUITextUITestsLaunchTests.swift; sourceTree = "<group>"; };
		59CC117629C74DF800FD65BA /* Shapes.swift */ = {isa = PBXFileReference; lastKnownFileType = sourcecode.swift; path = Shapes.swift; sourceTree = "<group>"; };
		59CC117829C7656600FD65BA /* Colors.swift */ = {isa = PBXFileReference; lastKnownFileType = sourcecode.swift; path = Colors.swift; sourceTree = "<group>"; };
		59CC117A29C76B9F00FD65BA /* Gradient.swift */ = {isa = PBXFileReference; lastKnownFileType = sourcecode.swift; path = Gradient.swift; sourceTree = "<group>"; };
		59CC117C29C770D900FD65BA /* Icon_SystemIcons.swift */ = {isa = PBXFileReference; lastKnownFileType = sourcecode.swift; path = Icon_SystemIcons.swift; sourceTree = "<group>"; };
		59CC117E29C7858A00FD65BA /* SwiftUI_Images.swift */ = {isa = PBXFileReference; lastKnownFileType = sourcecode.swift; path = SwiftUI_Images.swift; sourceTree = "<group>"; };
		59EF78CF29CA04DB0051ACF6 /* SwiftUIFrame.swift */ = {isa = PBXFileReference; lastKnownFileType = sourcecode.swift; path = SwiftUIFrame.swift; sourceTree = "<group>"; };
		59EF78D129CA08810051ACF6 /* BackgroundAndOverlaySwitfUI.swift */ = {isa = PBXFileReference; lastKnownFileType = sourcecode.swift; path = BackgroundAndOverlaySwitfUI.swift; sourceTree = "<group>"; };
		59EF78D329CA1C9E0051ACF6 /* SwiftUIStacks.swift */ = {isa = PBXFileReference; lastKnownFileType = sourcecode.swift; path = SwiftUIStacks.swift; sourceTree = "<group>"; };
		59EF78D529CA219F0051ACF6 /* MICard.swift */ = {isa = PBXFileReference; lastKnownFileType = sourcecode.swift; path = MICard.swift; sourceTree = "<group>"; };
		59F0451729CEAA3100EF4EA9 /* GridSwiftUIWithTop.swift */ = {isa = PBXFileReference; lastKnownFileType = sourcecode.swift; path = GridSwiftUIWithTop.swift; sourceTree = "<group>"; };
		59F0451929CEAE2900EF4EA9 /* GridSwiftUIWithSection.swift */ = {isa = PBXFileReference; lastKnownFileType = sourcecode.swift; path = GridSwiftUIWithSection.swift; sourceTree = "<group>"; };
		59F0451B29CEB58700EF4EA9 /* SafeAreaSwiftUI.swift */ = {isa = PBXFileReference; lastKnownFileType = sourcecode.swift; path = SafeAreaSwiftUI.swift; sourceTree = "<group>"; };
		59F0451D29CEB7F400EF4EA9 /* SwiftUIButton.swift */ = {isa = PBXFileReference; lastKnownFileType = sourcecode.swift; path = SwiftUIButton.swift; sourceTree = "<group>"; };
		59F0451F29CEBF3F00EF4EA9 /* SwiftUIState.swift */ = {isa = PBXFileReference; lastKnownFileType = sourcecode.swift; path = SwiftUIState.swift; sourceTree = "<group>"; };
/* End PBXFileReference section */

/* Begin PBXFrameworksBuildPhase section */
		59CC114629C74A8F00FD65BA /* Frameworks */ = {
			isa = PBXFrameworksBuildPhase;
			buildActionMask = 2147483647;
			files = (
			);
			runOnlyForDeploymentPostprocessing = 0;
		};
		59CC115629C74A9000FD65BA /* Frameworks */ = {
			isa = PBXFrameworksBuildPhase;
			buildActionMask = 2147483647;
			files = (
			);
			runOnlyForDeploymentPostprocessing = 0;
		};
		59CC116029C74A9000FD65BA /* Frameworks */ = {
			isa = PBXFrameworksBuildPhase;
			buildActionMask = 2147483647;
			files = (
			);
			runOnlyForDeploymentPostprocessing = 0;
		};
/* End PBXFrameworksBuildPhase section */

/* Begin PBXGroup section */
		59CC114029C74A8F00FD65BA = {
			isa = PBXGroup;
			children = (
				59AEF9E829D04A6900385384 /* SwuftUITextField.swift */,
				59AEF9E629D046FF00385384 /* SwiftUIContextMenu.swift */,
				59CC114B29C74A8F00FD65BA /* SwiftUIText */,
				59CC115C29C74A9000FD65BA /* SwiftUITextTests */,
				59CC116629C74A9000FD65BA /* SwiftUITextUITests */,
				59CC114A29C74A8F00FD65BA /* Products */,
			);
			sourceTree = "<group>";
		};
		59CC114A29C74A8F00FD65BA /* Products */ = {
			isa = PBXGroup;
			children = (
				59CC114929C74A8F00FD65BA /* SwiftUIText.app */,
				59CC115929C74A9000FD65BA /* SwiftUITextTests.xctest */,
				59CC116329C74A9000FD65BA /* SwiftUITextUITests.xctest */,
			);
			name = Products;
			sourceTree = "<group>";
		};
		59CC114B29C74A8F00FD65BA /* SwiftUIText */ = {
			isa = PBXGroup;
			children = (
				59CC114C29C74A8F00FD65BA /* SwiftUITextApp.swift */,
				59CC114E29C74A8F00FD65BA /* ContentView.swift */,
				59CC115029C74A9000FD65BA /* Assets.xcassets */,
				59CC115229C74A9000FD65BA /* Preview Content */,
				59CC117629C74DF800FD65BA /* Shapes.swift */,
				59CC117829C7656600FD65BA /* Colors.swift */,
				59CC117A29C76B9F00FD65BA /* Gradient.swift */,
				59CC117C29C770D900FD65BA /* Icon_SystemIcons.swift */,
				59CC117E29C7858A00FD65BA /* SwiftUI_Images.swift */,
				59EF78CF29CA04DB0051ACF6 /* SwiftUIFrame.swift */,
				59EF78D129CA08810051ACF6 /* BackgroundAndOverlaySwitfUI.swift */,
				59EF78D329CA1C9E0051ACF6 /* SwiftUIStacks.swift */,
				59EF78D529CA219F0051ACF6 /* MICard.swift */,
				5925218029CA8A540044AE3C /* SpacerSwiftUI.swift */,
				5925218229CA8D7C0044AE3C /* SwiftUIInitializer.swift */,
				59C1E5D029CB5746004F64D9 /* ForEachSwitfUI.swift */,
				59C1E5D229CB5B6E004F64D9 /* ScrollViewSwiftUI.swift */,
				59C1E5D629CB5F8D004F64D9 /* ScrollViewSwiftUI2.swift */,
				59C1E5D829CB6E8A004F64D9 /* GridSwiftUI.swift */,
				59F0451729CEAA3100EF4EA9 /* GridSwiftUIWithTop.swift */,
				59F0451929CEAE2900EF4EA9 /* GridSwiftUIWithSection.swift */,
				59F0451B29CEB58700EF4EA9 /* SafeAreaSwiftUI.swift */,
				59F0451D29CEB7F400EF4EA9 /* SwiftUIButton.swift */,
				59F0451F29CEBF3F00EF4EA9 /* SwiftUIState.swift */,
				59B61F4C29CEEBA7001FF8C8 /* SwiftUIExtractingSubViews.swift */,
				59B61F4E29CEF381001FF8C8 /* SwiftUIBinding.swift */,
				59B61F5029CEF734001FF8C8 /* SwiftUIConditional.swift */,
				59B61F5229CEFC07001FF8C8 /* SwiftUIAnimation.swift */,
				59B61F5429CF021D001FF8C8 /* SwiftUITransition.swift */,
				5959EF1B29D0024300E16E37 /* SwiftUISheets.swift */,
				5959EF1D29D0075600E16E37 /* SwiftUIPopOver.swift */,
				5959EF1F29D00A1B00E16E37 /* SwiftUIPopOver2.swift */,
				5959EF2129D00F2B00E16E37 /* SwiftUINavigation.swift */,
				5959EF2329D01E1600E16E37 /* SwiftUIList.swift */,
				59AEF9E229D03C7800385384 /* SwiftUIAlert.swift */,
				59AEF9E429D0414600385384 /* SwiftUIActionSheet.swift */,
			);
			path = SwiftUIText;
			sourceTree = "<group>";
		};
		59CC115229C74A9000FD65BA /* Preview Content */ = {
			isa = PBXGroup;
			children = (
				59CC115329C74A9000FD65BA /* Preview Assets.xcassets */,
			);
			path = "Preview Content";
			sourceTree = "<group>";
		};
		59CC115C29C74A9000FD65BA /* SwiftUITextTests */ = {
			isa = PBXGroup;
			children = (
				59CC115D29C74A9000FD65BA /* SwiftUITextTests.swift */,
			);
			path = SwiftUITextTests;
			sourceTree = "<group>";
		};
		59CC116629C74A9000FD65BA /* SwiftUITextUITests */ = {
			isa = PBXGroup;
			children = (
				59CC116729C74A9000FD65BA /* SwiftUITextUITests.swift */,
				59CC116929C74A9000FD65BA /* SwiftUITextUITestsLaunchTests.swift */,
			);
			path = SwiftUITextUITests;
			sourceTree = "<group>";
		};
/* End PBXGroup section */

/* Begin PBXNativeTarget section */
		59CC114829C74A8F00FD65BA /* SwiftUIText */ = {
			isa = PBXNativeTarget;
			buildConfigurationList = 59CC116D29C74A9000FD65BA /* Build configuration list for PBXNativeTarget "SwiftUIText" */;
			buildPhases = (
				59CC114529C74A8F00FD65BA /* Sources */,
				59CC114629C74A8F00FD65BA /* Frameworks */,
				59CC114729C74A8F00FD65BA /* Resources */,
			);
			buildRules = (
			);
			dependencies = (
			);
			name = SwiftUIText;
			productName = SwiftUIText;
			productReference = 59CC114929C74A8F00FD65BA /* SwiftUIText.app */;
			productType = "com.apple.product-type.application";
		};
		59CC115829C74A9000FD65BA /* SwiftUITextTests */ = {
			isa = PBXNativeTarget;
			buildConfigurationList = 59CC117029C74A9000FD65BA /* Build configuration list for PBXNativeTarget "SwiftUITextTests" */;
			buildPhases = (
				59CC115529C74A9000FD65BA /* Sources */,
				59CC115629C74A9000FD65BA /* Frameworks */,
				59CC115729C74A9000FD65BA /* Resources */,
			);
			buildRules = (
			);
			dependencies = (
				59CC115B29C74A9000FD65BA /* PBXTargetDependency */,
			);
			name = SwiftUITextTests;
			productName = SwiftUITextTests;
			productReference = 59CC115929C74A9000FD65BA /* SwiftUITextTests.xctest */;
			productType = "com.apple.product-type.bundle.unit-test";
		};
		59CC116229C74A9000FD65BA /* SwiftUITextUITests */ = {
			isa = PBXNativeTarget;
			buildConfigurationList = 59CC117329C74A9000FD65BA /* Build configuration list for PBXNativeTarget "SwiftUITextUITests" */;
			buildPhases = (
				59CC115F29C74A9000FD65BA /* Sources */,
				59CC116029C74A9000FD65BA /* Frameworks */,
				59CC116129C74A9000FD65BA /* Resources */,
			);
			buildRules = (
			);
			dependencies = (
				59CC116529C74A9000FD65BA /* PBXTargetDependency */,
			);
			name = SwiftUITextUITests;
			productName = SwiftUITextUITests;
			productReference = 59CC116329C74A9000FD65BA /* SwiftUITextUITests.xctest */;
			productType = "com.apple.product-type.bundle.ui-testing";
		};
/* End PBXNativeTarget section */

/* Begin PBXProject section */
		59CC114129C74A8F00FD65BA /* Project object */ = {
			isa = PBXProject;
			attributes = {
				BuildIndependentTargetsInParallel = 1;
				LastSwiftUpdateCheck = 1400;
				LastUpgradeCheck = 1400;
				TargetAttributes = {
					59CC114829C74A8F00FD65BA = {
						CreatedOnToolsVersion = 14.0;
					};
					59CC115829C74A9000FD65BA = {
						CreatedOnToolsVersion = 14.0;
						TestTargetID = 59CC114829C74A8F00FD65BA;
					};
					59CC116229C74A9000FD65BA = {
						CreatedOnToolsVersion = 14.0;
						TestTargetID = 59CC114829C74A8F00FD65BA;
					};
				};
			};
			buildConfigurationList = 59CC114429C74A8F00FD65BA /* Build configuration list for PBXProject "SwiftUIText" */;
			compatibilityVersion = "Xcode 14.0";
			developmentRegion = en;
			hasScannedForEncodings = 0;
			knownRegions = (
				en,
				Base,
			);
			mainGroup = 59CC114029C74A8F00FD65BA;
			productRefGroup = 59CC114A29C74A8F00FD65BA /* Products */;
			projectDirPath = "";
			projectRoot = "";
			targets = (
				59CC114829C74A8F00FD65BA /* SwiftUIText */,
				59CC115829C74A9000FD65BA /* SwiftUITextTests */,
				59CC116229C74A9000FD65BA /* SwiftUITextUITests */,
			);
		};
/* End PBXProject section */

/* Begin PBXResourcesBuildPhase section */
		59CC114729C74A8F00FD65BA /* Resources */ = {
			isa = PBXResourcesBuildPhase;
			buildActionMask = 2147483647;
			files = (
				59CC115429C74A9000FD65BA /* Preview Assets.xcassets in Resources */,
				59CC115129C74A9000FD65BA /* Assets.xcassets in Resources */,
			);
			runOnlyForDeploymentPostprocessing = 0;
		};
		59CC115729C74A9000FD65BA /* Resources */ = {
			isa = PBXResourcesBuildPhase;
			buildActionMask = 2147483647;
			files = (
			);
			runOnlyForDeploymentPostprocessing = 0;
		};
		59CC116129C74A9000FD65BA /* Resources */ = {
			isa = PBXResourcesBuildPhase;
			buildActionMask = 2147483647;
			files = (
			);
			runOnlyForDeploymentPostprocessing = 0;
		};
/* End PBXResourcesBuildPhase section */

/* Begin PBXSourcesBuildPhase section */
		59CC114529C74A8F00FD65BA /* Sources */ = {
			isa = PBXSourcesBuildPhase;
			buildActionMask = 2147483647;
			files = (
				59AEF9E329D03C7800385384 /* SwiftUIAlert.swift in Sources */,
				59F0451E29CEB7F400EF4EA9 /* SwiftUIButton.swift in Sources */,
				5959EF1C29D0024300E16E37 /* SwiftUISheets.swift in Sources */,
				59C1E5D129CB5746004F64D9 /* ForEachSwitfUI.swift in Sources */,
				59CC117B29C76B9F00FD65BA /* Gradient.swift in Sources */,
				59AEF9E929D04A6900385384 /* SwuftUITextField.swift in Sources */,
				5959EF2229D00F2B00E16E37 /* SwiftUINavigation.swift in Sources */,
				59F0451A29CEAE2900EF4EA9 /* GridSwiftUIWithSection.swift in Sources */,
				59AEF9E529D0414600385384 /* SwiftUIActionSheet.swift in Sources */,
				59B61F5529CF021D001FF8C8 /* SwiftUITransition.swift in Sources */,
				59CC114F29C74A8F00FD65BA /* ContentView.swift in Sources */,
				59F0451829CEAA3100EF4EA9 /* GridSwiftUIWithTop.swift in Sources */,
				59CC117D29C770D900FD65BA /* Icon_SystemIcons.swift in Sources */,
				59C1E5D929CB6E8A004F64D9 /* GridSwiftUI.swift in Sources */,
				5925218329CA8D7C0044AE3C /* SwiftUIInitializer.swift in Sources */,
				59EF78D029CA04DB0051ACF6 /* SwiftUIFrame.swift in Sources */,
				59AEF9E729D046FF00385384 /* SwiftUIContextMenu.swift in Sources */,
				59CC117929C7656600FD65BA /* Colors.swift in Sources */,
				59EF78D629CA219F0051ACF6 /* MICard.swift in Sources */,
				59C1E5D329CB5B6E004F64D9 /* ScrollViewSwiftUI.swift in Sources */,
				59B61F4F29CEF381001FF8C8 /* SwiftUIBinding.swift in Sources */,
				59CC117F29C7858A00FD65BA /* SwiftUI_Images.swift in Sources */,
				5959EF1E29D0075600E16E37 /* SwiftUIPopOver.swift in Sources */,
				5959EF2429D01E1600E16E37 /* SwiftUIList.swift in Sources */,
				59C1E5D729CB5F8D004F64D9 /* ScrollViewSwiftUI2.swift in Sources */,
				59B61F5329CEFC07001FF8C8 /* SwiftUIAnimation.swift in Sources */,
				5959EF2029D00A1B00E16E37 /* SwiftUIPopOver2.swift in Sources */,
				59F0452029CEBF3F00EF4EA9 /* SwiftUIState.swift in Sources */,
				5925218129CA8A540044AE3C /* SpacerSwiftUI.swift in Sources */,
				59F0451C29CEB58700EF4EA9 /* SafeAreaSwiftUI.swift in Sources */,
				59CC114D29C74A8F00FD65BA /* SwiftUITextApp.swift in Sources */,
				59EF78D229CA08810051ACF6 /* BackgroundAndOverlaySwitfUI.swift in Sources */,
				59EF78D429CA1C9E0051ACF6 /* SwiftUIStacks.swift in Sources */,
				59B61F4D29CEEBA7001FF8C8 /* SwiftUIExtractingSubViews.swift in Sources */,
				59B61F5129CEF734001FF8C8 /* SwiftUIConditional.swift in Sources */,
				59CC117729C74DF800FD65BA /* Shapes.swift in Sources */,
			);
			runOnlyForDeploymentPostprocessing = 0;
		};
		59CC115529C74A9000FD65BA /* Sources */ = {
			isa = PBXSourcesBuildPhase;
			buildActionMask = 2147483647;
			files = (
				59CC115E29C74A9000FD65BA /* SwiftUITextTests.swift in Sources */,
			);
			runOnlyForDeploymentPostprocessing = 0;
		};
		59CC115F29C74A9000FD65BA /* Sources */ = {
			isa = PBXSourcesBuildPhase;
			buildActionMask = 2147483647;
			files = (
				59CC116829C74A9000FD65BA /* SwiftUITextUITests.swift in Sources */,
				59CC116A29C74A9000FD65BA /* SwiftUITextUITestsLaunchTests.swift in Sources */,
			);
			runOnlyForDeploymentPostprocessing = 0;
		};
/* End PBXSourcesBuildPhase section */

/* Begin PBXTargetDependency section */
		59CC115B29C74A9000FD65BA /* PBXTargetDependency */ = {
			isa = PBXTargetDependency;
			target = 59CC114829C74A8F00FD65BA /* SwiftUIText */;
			targetProxy = 59CC115A29C74A9000FD65BA /* PBXContainerItemProxy */;
		};
		59CC116529C74A9000FD65BA /* PBXTargetDependency */ = {
			isa = PBXTargetDependency;
			target = 59CC114829C74A8F00FD65BA /* SwiftUIText */;
			targetProxy = 59CC116429C74A9000FD65BA /* PBXContainerItemProxy */;
		};
/* End PBXTargetDependency section */

/* Begin XCBuildConfiguration section */
		59CC116B29C74A9000FD65BA /* Debug */ = {
			isa = XCBuildConfiguration;
			buildSettings = {
				ALWAYS_SEARCH_USER_PATHS = NO;
				CLANG_ANALYZER_NONNULL = YES;
				CLANG_ANALYZER_NUMBER_OBJECT_CONVERSION = YES_AGGRESSIVE;
				CLANG_CXX_LANGUAGE_STANDARD = "gnu++20";
				CLANG_ENABLE_MODULES = YES;
				CLANG_ENABLE_OBJC_ARC = YES;
				CLANG_ENABLE_OBJC_WEAK = YES;
				CLANG_WARN_BLOCK_CAPTURE_AUTORELEASING = YES;
				CLANG_WARN_BOOL_CONVERSION = YES;
				CLANG_WARN_COMMA = YES;
				CLANG_WARN_CONSTANT_CONVERSION = YES;
				CLANG_WARN_DEPRECATED_OBJC_IMPLEMENTATIONS = YES;
				CLANG_WARN_DIRECT_OBJC_ISA_USAGE = YES_ERROR;
				CLANG_WARN_DOCUMENTATION_COMMENTS = YES;
				CLANG_WARN_EMPTY_BODY = YES;
				CLANG_WARN_ENUM_CONVERSION = YES;
				CLANG_WARN_INFINITE_RECURSION = YES;
				CLANG_WARN_INT_CONVERSION = YES;
				CLANG_WARN_NON_LITERAL_NULL_CONVERSION = YES;
				CLANG_WARN_OBJC_IMPLICIT_RETAIN_SELF = YES;
				CLANG_WARN_OBJC_LITERAL_CONVERSION = YES;
				CLANG_WARN_OBJC_ROOT_CLASS = YES_ERROR;
				CLANG_WARN_QUOTED_INCLUDE_IN_FRAMEWORK_HEADER = YES;
				CLANG_WARN_RANGE_LOOP_ANALYSIS = YES;
				CLANG_WARN_STRICT_PROTOTYPES = YES;
				CLANG_WARN_SUSPICIOUS_MOVE = YES;
				CLANG_WARN_UNGUARDED_AVAILABILITY = YES_AGGRESSIVE;
				CLANG_WARN_UNREACHABLE_CODE = YES;
				CLANG_WARN__DUPLICATE_METHOD_MATCH = YES;
				COPY_PHASE_STRIP = NO;
				DEBUG_INFORMATION_FORMAT = dwarf;
				ENABLE_STRICT_OBJC_MSGSEND = YES;
				ENABLE_TESTABILITY = YES;
				GCC_C_LANGUAGE_STANDARD = gnu11;
				GCC_DYNAMIC_NO_PIC = NO;
				GCC_NO_COMMON_BLOCKS = YES;
				GCC_OPTIMIZATION_LEVEL = 0;
				GCC_PREPROCESSOR_DEFINITIONS = (
					"DEBUG=1",
					"$(inherited)",
				);
				GCC_WARN_64_TO_32_BIT_CONVERSION = YES;
				GCC_WARN_ABOUT_RETURN_TYPE = YES_ERROR;
				GCC_WARN_UNDECLARED_SELECTOR = YES;
				GCC_WARN_UNINITIALIZED_AUTOS = YES_AGGRESSIVE;
				GCC_WARN_UNUSED_FUNCTION = YES;
				GCC_WARN_UNUSED_VARIABLE = YES;
				IPHONEOS_DEPLOYMENT_TARGET = 16.0;
				MTL_ENABLE_DEBUG_INFO = INCLUDE_SOURCE;
				MTL_FAST_MATH = YES;
				ONLY_ACTIVE_ARCH = YES;
				SDKROOT = iphoneos;
				SWIFT_ACTIVE_COMPILATION_CONDITIONS = DEBUG;
				SWIFT_OPTIMIZATION_LEVEL = "-Onone";
			};
			name = Debug;
		};
		59CC116C29C74A9000FD65BA /* Release */ = {
			isa = XCBuildConfiguration;
			buildSettings = {
				ALWAYS_SEARCH_USER_PATHS = NO;
				CLANG_ANALYZER_NONNULL = YES;
				CLANG_ANALYZER_NUMBER_OBJECT_CONVERSION = YES_AGGRESSIVE;
				CLANG_CXX_LANGUAGE_STANDARD = "gnu++20";
				CLANG_ENABLE_MODULES = YES;
				CLANG_ENABLE_OBJC_ARC = YES;
				CLANG_ENABLE_OBJC_WEAK = YES;
				CLANG_WARN_BLOCK_CAPTURE_AUTORELEASING = YES;
				CLANG_WARN_BOOL_CONVERSION = YES;
				CLANG_WARN_COMMA = YES;
				CLANG_WARN_CONSTANT_CONVERSION = YES;
				CLANG_WARN_DEPRECATED_OBJC_IMPLEMENTATIONS = YES;
				CLANG_WARN_DIRECT_OBJC_ISA_USAGE = YES_ERROR;
				CLANG_WARN_DOCUMENTATION_COMMENTS = YES;
				CLANG_WARN_EMPTY_BODY = YES;
				CLANG_WARN_ENUM_CONVERSION = YES;
				CLANG_WARN_INFINITE_RECURSION = YES;
				CLANG_WARN_INT_CONVERSION = YES;
				CLANG_WARN_NON_LITERAL_NULL_CONVERSION = YES;
				CLANG_WARN_OBJC_IMPLICIT_RETAIN_SELF = YES;
				CLANG_WARN_OBJC_LITERAL_CONVERSION = YES;
				CLANG_WARN_OBJC_ROOT_CLASS = YES_ERROR;
				CLANG_WARN_QUOTED_INCLUDE_IN_FRAMEWORK_HEADER = YES;
				CLANG_WARN_RANGE_LOOP_ANALYSIS = YES;
				CLANG_WARN_STRICT_PROTOTYPES = YES;
				CLANG_WARN_SUSPICIOUS_MOVE = YES;
				CLANG_WARN_UNGUARDED_AVAILABILITY = YES_AGGRESSIVE;
				CLANG_WARN_UNREACHABLE_CODE = YES;
				CLANG_WARN__DUPLICATE_METHOD_MATCH = YES;
				COPY_PHASE_STRIP = NO;
				DEBUG_INFORMATION_FORMAT = "dwarf-with-dsym";
				ENABLE_NS_ASSERTIONS = NO;
				ENABLE_STRICT_OBJC_MSGSEND = YES;
				GCC_C_LANGUAGE_STANDARD = gnu11;
				GCC_NO_COMMON_BLOCKS = YES;
				GCC_WARN_64_TO_32_BIT_CONVERSION = YES;
				GCC_WARN_ABOUT_RETURN_TYPE = YES_ERROR;
				GCC_WARN_UNDECLARED_SELECTOR = YES;
				GCC_WARN_UNINITIALIZED_AUTOS = YES_AGGRESSIVE;
				GCC_WARN_UNUSED_FUNCTION = YES;
				GCC_WARN_UNUSED_VARIABLE = YES;
				IPHONEOS_DEPLOYMENT_TARGET = 16.0;
				MTL_ENABLE_DEBUG_INFO = NO;
				MTL_FAST_MATH = YES;
				SDKROOT = iphoneos;
				SWIFT_COMPILATION_MODE = wholemodule;
				SWIFT_OPTIMIZATION_LEVEL = "-O";
				VALIDATE_PRODUCT = YES;
			};
			name = Release;
		};
		59CC116E29C74A9000FD65BA /* Debug */ = {
			isa = XCBuildConfiguration;
			buildSettings = {
				ASSETCATALOG_COMPILER_APPICON_NAME = AppIcon;
				ASSETCATALOG_COMPILER_GLOBAL_ACCENT_COLOR_NAME = AccentColor;
				CODE_SIGN_STYLE = Automatic;
				CURRENT_PROJECT_VERSION = 1;
				DEVELOPMENT_ASSET_PATHS = "\"SwiftUIText/Preview Content\"";
				ENABLE_PREVIEWS = YES;
				GENERATE_INFOPLIST_FILE = YES;
				INFOPLIST_KEY_UIApplicationSceneManifest_Generation = YES;
				INFOPLIST_KEY_UIApplicationSupportsIndirectInputEvents = YES;
				INFOPLIST_KEY_UILaunchScreen_Generation = YES;
				INFOPLIST_KEY_UISupportedInterfaceOrientations_iPad = "UIInterfaceOrientationPortrait UIInterfaceOrientationPortraitUpsideDown UIInterfaceOrientationLandscapeLeft UIInterfaceOrientationLandscapeRight";
				INFOPLIST_KEY_UISupportedInterfaceOrientations_iPhone = "UIInterfaceOrientationPortrait UIInterfaceOrientationLandscapeLeft UIInterfaceOrientationLandscapeRight";
				LD_RUNPATH_SEARCH_PATHS = (
					"$(inherited)",
					"@executable_path/Frameworks",
				);
				MARKETING_VERSION = 1.0;
				PRODUCT_BUNDLE_IDENTIFIER = STCodesApp.SwiftUIText;
				PRODUCT_NAME = "$(TARGET_NAME)";
				SWIFT_EMIT_LOC_STRINGS = YES;
				SWIFT_VERSION = 5.0;
				TARGETED_DEVICE_FAMILY = "1,2";
			};
			name = Debug;
		};
		59CC116F29C74A9000FD65BA /* Release */ = {
			isa = XCBuildConfiguration;
			buildSettings = {
				ASSETCATALOG_COMPILER_APPICON_NAME = AppIcon;
				ASSETCATALOG_COMPILER_GLOBAL_ACCENT_COLOR_NAME = AccentColor;
				CODE_SIGN_STYLE = Automatic;
				CURRENT_PROJECT_VERSION = 1;
				DEVELOPMENT_ASSET_PATHS = "\"SwiftUIText/Preview Content\"";
				ENABLE_PREVIEWS = YES;
				GENERATE_INFOPLIST_FILE = YES;
				INFOPLIST_KEY_UIApplicationSceneManifest_Generation = YES;
				INFOPLIST_KEY_UIApplicationSupportsIndirectInputEvents = YES;
				INFOPLIST_KEY_UILaunchScreen_Generation = YES;
				INFOPLIST_KEY_UISupportedInterfaceOrientations_iPad = "UIInterfaceOrientationPortrait UIInterfaceOrientationPortraitUpsideDown UIInterfaceOrientationLandscapeLeft UIInterfaceOrientationLandscapeRight";
				INFOPLIST_KEY_UISupportedInterfaceOrientations_iPhone = "UIInterfaceOrientationPortrait UIInterfaceOrientationLandscapeLeft UIInterfaceOrientationLandscapeRight";
				LD_RUNPATH_SEARCH_PATHS = (
					"$(inherited)",
					"@executable_path/Frameworks",
				);
				MARKETING_VERSION = 1.0;
				PRODUCT_BUNDLE_IDENTIFIER = STCodesApp.SwiftUIText;
				PRODUCT_NAME = "$(TARGET_NAME)";
				SWIFT_EMIT_LOC_STRINGS = YES;
				SWIFT_VERSION = 5.0;
				TARGETED_DEVICE_FAMILY = "1,2";
			};
			name = Release;
		};
		59CC117129C74A9000FD65BA /* Debug */ = {
			isa = XCBuildConfiguration;
			buildSettings = {
				ALWAYS_EMBED_SWIFT_STANDARD_LIBRARIES = YES;
				BUNDLE_LOADER = "$(TEST_HOST)";
				CODE_SIGN_STYLE = Automatic;
				CURRENT_PROJECT_VERSION = 1;
				GENERATE_INFOPLIST_FILE = YES;
				IPHONEOS_DEPLOYMENT_TARGET = 16.0;
				MARKETING_VERSION = 1.0;
				PRODUCT_BUNDLE_IDENTIFIER = STCodesApp.SwiftUITextTests;
				PRODUCT_NAME = "$(TARGET_NAME)";
				SWIFT_EMIT_LOC_STRINGS = NO;
				SWIFT_VERSION = 5.0;
				TARGETED_DEVICE_FAMILY = "1,2";
				TEST_HOST = "$(BUILT_PRODUCTS_DIR)/SwiftUIText.app/$(BUNDLE_EXECUTABLE_FOLDER_PATH)/SwiftUIText";
			};
			name = Debug;
		};
		59CC117229C74A9000FD65BA /* Release */ = {
			isa = XCBuildConfiguration;
			buildSettings = {
				ALWAYS_EMBED_SWIFT_STANDARD_LIBRARIES = YES;
				BUNDLE_LOADER = "$(TEST_HOST)";
				CODE_SIGN_STYLE = Automatic;
				CURRENT_PROJECT_VERSION = 1;
				GENERATE_INFOPLIST_FILE = YES;
				IPHONEOS_DEPLOYMENT_TARGET = 16.0;
				MARKETING_VERSION = 1.0;
				PRODUCT_BUNDLE_IDENTIFIER = STCodesApp.SwiftUITextTests;
				PRODUCT_NAME = "$(TARGET_NAME)";
				SWIFT_EMIT_LOC_STRINGS = NO;
				SWIFT_VERSION = 5.0;
				TARGETED_DEVICE_FAMILY = "1,2";
				TEST_HOST = "$(BUILT_PRODUCTS_DIR)/SwiftUIText.app/$(BUNDLE_EXECUTABLE_FOLDER_PATH)/SwiftUIText";
			};
			name = Release;
		};
		59CC117429C74A9000FD65BA /* Debug */ = {
			isa = XCBuildConfiguration;
			buildSettings = {
				ALWAYS_EMBED_SWIFT_STANDARD_LIBRARIES = YES;
				CODE_SIGN_STYLE = Automatic;
				CURRENT_PROJECT_VERSION = 1;
				GENERATE_INFOPLIST_FILE = YES;
				MARKETING_VERSION = 1.0;
				PRODUCT_BUNDLE_IDENTIFIER = STCodesApp.SwiftUITextUITests;
				PRODUCT_NAME = "$(TARGET_NAME)";
				SWIFT_EMIT_LOC_STRINGS = NO;
				SWIFT_VERSION = 5.0;
				TARGETED_DEVICE_FAMILY = "1,2";
				TEST_TARGET_NAME = SwiftUIText;
			};
			name = Debug;
		};
		59CC117529C74A9000FD65BA /* Release */ = {
			isa = XCBuildConfiguration;
			buildSettings = {
				ALWAYS_EMBED_SWIFT_STANDARD_LIBRARIES = YES;
				CODE_SIGN_STYLE = Automatic;
				CURRENT_PROJECT_VERSION = 1;
				GENERATE_INFOPLIST_FILE = YES;
				MARKETING_VERSION = 1.0;
				PRODUCT_BUNDLE_IDENTIFIER = STCodesApp.SwiftUITextUITests;
				PRODUCT_NAME = "$(TARGET_NAME)";
				SWIFT_EMIT_LOC_STRINGS = NO;
				SWIFT_VERSION = 5.0;
				TARGETED_DEVICE_FAMILY = "1,2";
				TEST_TARGET_NAME = SwiftUIText;
			};
			name = Release;
		};
/* End XCBuildConfiguration section */

/* Begin XCConfigurationList section */
		59CC114429C74A8F00FD65BA /* Build configuration list for PBXProject "SwiftUIText" */ = {
			isa = XCConfigurationList;
			buildConfigurations = (
				59CC116B29C74A9000FD65BA /* Debug */,
				59CC116C29C74A9000FD65BA /* Release */,
			);
			defaultConfigurationIsVisible = 0;
			defaultConfigurationName = Release;
		};
		59CC116D29C74A9000FD65BA /* Build configuration list for PBXNativeTarget "SwiftUIText" */ = {
			isa = XCConfigurationList;
			buildConfigurations = (
				59CC116E29C74A9000FD65BA /* Debug */,
				59CC116F29C74A9000FD65BA /* Release */,
			);
			defaultConfigurationIsVisible = 0;
			defaultConfigurationName = Release;
		};
		59CC117029C74A9000FD65BA /* Build configuration list for PBXNativeTarget "SwiftUITextTests" */ = {
			isa = XCConfigurationList;
			buildConfigurations = (
				59CC117129C74A9000FD65BA /* Debug */,
				59CC117229C74A9000FD65BA /* Release */,
			);
			defaultConfigurationIsVisible = 0;
			defaultConfigurationName = Release;
		};
		59CC117329C74A9000FD65BA /* Build configuration list for PBXNativeTarget "SwiftUITextUITests" */ = {
			isa = XCConfigurationList;
			buildConfigurations = (
				59CC117429C74A9000FD65BA /* Debug */,
				59CC117529C74A9000FD65BA /* Release */,
			);
			defaultConfigurationIsVisible = 0;
			defaultConfigurationName = Release;
		};
/* End XCConfigurationList section */
	};
	rootObject = 59CC114129C74A8F00FD65BA /* Project object */;
}
